// !$*UTF8*$!
{
	archiveVersion = 1;
	classes = {
	};
	objectVersion = 56;
	objects = {

/* Begin PBXBuildFile section */
		346D46CD2B173C8E00A7668F /* AppDelegate.swift in Sources */ = {isa = PBXBuildFile; fileRef = 346D46CC2B173C8E00A7668F /* AppDelegate.swift */; };
		346D46CF2B173C8E00A7668F /* SceneDelegate.swift in Sources */ = {isa = PBXBuildFile; fileRef = 346D46CE2B173C8E00A7668F /* SceneDelegate.swift */; };
		346D46D12B173C8E00A7668F /* ViewController.swift in Sources */ = {isa = PBXBuildFile; fileRef = 346D46D02B173C8E00A7668F /* ViewController.swift */; };
		346D46D42B173C8E00A7668F /* Main.storyboard in Resources */ = {isa = PBXBuildFile; fileRef = 346D46D22B173C8E00A7668F /* Main.storyboard */; };
		346D46D62B173C8F00A7668F /* Assets.xcassets in Resources */ = {isa = PBXBuildFile; fileRef = 346D46D52B173C8F00A7668F /* Assets.xcassets */; };
		346D46D92B173C8F00A7668F /* LaunchScreen.storyboard in Resources */ = {isa = PBXBuildFile; fileRef = 346D46D72B173C8F00A7668F /* LaunchScreen.storyboard */; };
		346D46E42B173C8F00A7668F /* picker_pracTests.swift in Sources */ = {isa = PBXBuildFile; fileRef = 346D46E32B173C8F00A7668F /* picker_pracTests.swift */; };
		346D46EE2B173C8F00A7668F /* picker_pracUITests.swift in Sources */ = {isa = PBXBuildFile; fileRef = 346D46ED2B173C8F00A7668F /* picker_pracUITests.swift */; };
		346D46F02B173C8F00A7668F /* picker_pracUITestsLaunchTests.swift in Sources */ = {isa = PBXBuildFile; fileRef = 346D46EF2B173C8F00A7668F /* picker_pracUITestsLaunchTests.swift */; };
		346D47072B173D1700A7668F /* 3.jpg in Resources */ = {isa = PBXBuildFile; fileRef = 346D46FD2B173D1700A7668F /* 3.jpg */; };
		346D47082B173D1700A7668F /* 4.jpg in Resources */ = {isa = PBXBuildFile; fileRef = 346D46FE2B173D1700A7668F /* 4.jpg */; };
		346D47092B173D1700A7668F /* 1.jpg in Resources */ = {isa = PBXBuildFile; fileRef = 346D46FF2B173D1700A7668F /* 1.jpg */; };
		346D470A2B173D1700A7668F /* 7.jpg in Resources */ = {isa = PBXBuildFile; fileRef = 346D47002B173D1700A7668F /* 7.jpg */; };
		346D470B2B173D1700A7668F /* 6.jpg in Resources */ = {isa = PBXBuildFile; fileRef = 346D47012B173D1700A7668F /* 6.jpg */; };
		346D470C2B173D1700A7668F /* 9.jpg in Resources */ = {isa = PBXBuildFile; fileRef = 346D47022B173D1700A7668F /* 9.jpg */; };
		346D470D2B173D1700A7668F /* 5.jpg in Resources */ = {isa = PBXBuildFile; fileRef = 346D47032B173D1700A7668F /* 5.jpg */; };
		346D470E2B173D1700A7668F /* 8.jpg in Resources */ = {isa = PBXBuildFile; fileRef = 346D47042B173D1700A7668F /* 8.jpg */; };
		346D470F2B173D1700A7668F /* 2.jpg in Resources */ = {isa = PBXBuildFile; fileRef = 346D47052B173D1700A7668F /* 2.jpg */; };
		346D47102B173D1700A7668F /* 10.jpg in Resources */ = {isa = PBXBuildFile; fileRef = 346D47062B173D1700A7668F /* 10.jpg */; };
/* End PBXBuildFile section */

/* Begin PBXContainerItemProxy section */
		346D46E02B173C8F00A7668F /* PBXContainerItemProxy */ = {
			isa = PBXContainerItemProxy;
			containerPortal = 346D46C12B173C8E00A7668F /* Project object */;
			proxyType = 1;
			remoteGlobalIDString = 346D46C82B173C8E00A7668F;
			remoteInfo = picker_prac;
		};
		346D46EA2B173C8F00A7668F /* PBXContainerItemProxy */ = {
			isa = PBXContainerItemProxy;
			containerPortal = 346D46C12B173C8E00A7668F /* Project object */;
			proxyType = 1;
			remoteGlobalIDString = 346D46C82B173C8E00A7668F;
			remoteInfo = picker_prac;
		};
/* End PBXContainerItemProxy section */

/* Begin PBXFileReference section */
		346D46C92B173C8E00A7668F /* picker_prac.app */ = {isa = PBXFileReference; explicitFileType = wrapper.application; includeInIndex = 0; path = picker_prac.app; sourceTree = BUILT_PRODUCTS_DIR; };
		346D46CC2B173C8E00A7668F /* AppDelegate.swift */ = {isa = PBXFileReference; lastKnownFileType = sourcecode.swift; path = AppDelegate.swift; sourceTree = "<group>"; };
		346D46CE2B173C8E00A7668F /* SceneDelegate.swift */ = {isa = PBXFileReference; lastKnownFileType = sourcecode.swift; path = SceneDelegate.swift; sourceTree = "<group>"; };
		346D46D02B173C8E00A7668F /* ViewController.swift */ = {isa = PBXFileReference; lastKnownFileType = sourcecode.swift; path = ViewController.swift; sourceTree = "<group>"; };
		346D46D32B173C8E00A7668F /* Base */ = {isa = PBXFileReference; lastKnownFileType = file.storyboard; name = Base; path = Base.lproj/Main.storyboard; sourceTree = "<group>"; };
		346D46D52B173C8F00A7668F /* Assets.xcassets */ = {isa = PBXFileReference; lastKnownFileType = folder.assetcatalog; path = Assets.xcassets; sourceTree = "<group>"; };
		346D46D82B173C8F00A7668F /* Base */ = {isa = PBXFileReference; lastKnownFileType = file.storyboard; name = Base; path = Base.lproj/LaunchScreen.storyboard; sourceTree = "<group>"; };
		346D46DA2B173C8F00A7668F /* Info.plist */ = {isa = PBXFileReference; lastKnownFileType = text.plist.xml; path = Info.plist; sourceTree = "<group>"; };
		346D46DF2B173C8F00A7668F /* picker_pracTests.xctest */ = {isa = PBXFileReference; explicitFileType = wrapper.cfbundle; includeInIndex = 0; path = picker_pracTests.xctest; sourceTree = BUILT_PRODUCTS_DIR; };
		346D46E32B173C8F00A7668F /* picker_pracTests.swift */ = {isa = PBXFileReference; lastKnownFileType = sourcecode.swift; path = picker_pracTests.swift; sourceTree = "<group>"; };
		346D46E92B173C8F00A7668F /* picker_pracUITests.xctest */ = {isa = PBXFileReference; explicitFileType = wrapper.cfbundle; includeInIndex = 0; path = picker_pracUITests.xctest; sourceTree = BUILT_PRODUCTS_DIR; };
		346D46ED2B173C8F00A7668F /* picker_pracUITests.swift */ = {isa = PBXFileReference; lastKnownFileType = sourcecode.swift; path = picker_pracUITests.swift; sourceTree = "<group>"; };
		346D46EF2B173C8F00A7668F /* picker_pracUITestsLaunchTests.swift */ = {isa = PBXFileReference; lastKnownFileType = sourcecode.swift; path = picker_pracUITestsLaunchTests.swift; sourceTree = "<group>"; };
		346D46FD2B173D1700A7668F /* 3.jpg */ = {isa = PBXFileReference; lastKnownFileType = image.jpeg; name = 3.jpg; path = ../../../images/3.jpg; sourceTree = "<group>"; };
		346D46FE2B173D1700A7668F /* 4.jpg */ = {isa = PBXFileReference; lastKnownFileType = image.jpeg; name = 4.jpg; path = ../../../images/4.jpg; sourceTree = "<group>"; };
		346D46FF2B173D1700A7668F /* 1.jpg */ = {isa = PBXFileReference; lastKnownFileType = image.jpeg; name = 1.jpg; path = ../../../images/1.jpg; sourceTree = "<group>"; };
		346D47002B173D1700A7668F /* 7.jpg */ = {isa = PBXFileReference; lastKnownFileType = image.jpeg; name = 7.jpg; path = ../../../images/7.jpg; sourceTree = "<group>"; };
		346D47012B173D1700A7668F /* 6.jpg */ = {isa = PBXFileReference; lastKnownFileType = image.jpeg; name = 6.jpg; path = ../../../images/6.jpg; sourceTree = "<group>"; };
		346D47022B173D1700A7668F /* 9.jpg */ = {isa = PBXFileReference; lastKnownFileType = image.jpeg; name = 9.jpg; path = ../../../images/9.jpg; sourceTree = "<group>"; };
		346D47032B173D1700A7668F /* 5.jpg */ = {isa = PBXFileReference; lastKnownFileType = image.jpeg; name = 5.jpg; path = ../../../images/5.jpg; sourceTree = "<group>"; };
		346D47042B173D1700A7668F /* 8.jpg */ = {isa = PBXFileReference; lastKnownFileType = image.jpeg; name = 8.jpg; path = ../../../images/8.jpg; sourceTree = "<group>"; };
		346D47052B173D1700A7668F /* 2.jpg */ = {isa = PBXFileReference; lastKnownFileType = image.jpeg; name = 2.jpg; path = ../../../images/2.jpg; sourceTree = "<group>"; };
		346D47062B173D1700A7668F /* 10.jpg */ = {isa = PBXFileReference; lastKnownFileType = image.jpeg; name = 10.jpg; path = ../../../images/10.jpg; sourceTree = "<group>"; };
/* End PBXFileReference section */

/* Begin PBXFrameworksBuildPhase section */
		346D46C62B173C8E00A7668F /* Frameworks */ = {
			isa = PBXFrameworksBuildPhase;
			buildActionMask = 2147483647;
			files = (
			);
			runOnlyForDeploymentPostprocessing = 0;
		};
		346D46DC2B173C8F00A7668F /* Frameworks */ = {
			isa = PBXFrameworksBuildPhase;
			buildActionMask = 2147483647;
			files = (
			);
			runOnlyForDeploymentPostprocessing = 0;
		};
		346D46E62B173C8F00A7668F /* Frameworks */ = {
			isa = PBXFrameworksBuildPhase;
			buildActionMask = 2147483647;
			files = (
			);
			runOnlyForDeploymentPostprocessing = 0;
		};
/* End PBXFrameworksBuildPhase section */

/* Begin PBXGroup section */
		346D46C02B173C8E00A7668F = {
			isa = PBXGroup;
			children = (
				346D46CB2B173C8E00A7668F /* picker_prac */,
				346D46E22B173C8F00A7668F /* picker_pracTests */,
				346D46EC2B173C8F00A7668F /* picker_pracUITests */,
				346D46CA2B173C8E00A7668F /* Products */,
			);
			sourceTree = "<group>";
		};
		346D46CA2B173C8E00A7668F /* Products */ = {
			isa = PBXGroup;
			children = (
				346D46C92B173C8E00A7668F /* picker_prac.app */,
				346D46DF2B173C8F00A7668F /* picker_pracTests.xctest */,
				346D46E92B173C8F00A7668F /* picker_pracUITests.xctest */,
			);
			name = Products;
			sourceTree = "<group>";
		};
		346D46CB2B173C8E00A7668F /* picker_prac */ = {
			isa = PBXGroup;
			children = (
				346D46FC2B173CC700A7668F /* images */,
				346D46CC2B173C8E00A7668F /* AppDelegate.swift */,
				346D46CE2B173C8E00A7668F /* SceneDelegate.swift */,
				346D46D02B173C8E00A7668F /* ViewController.swift */,
				346D46D22B173C8E00A7668F /* Main.storyboard */,
				346D46D52B173C8F00A7668F /* Assets.xcassets */,
				346D46D72B173C8F00A7668F /* LaunchScreen.storyboard */,
				346D46DA2B173C8F00A7668F /* Info.plist */,
			);
			path = picker_prac;
			sourceTree = "<group>";
		};
		346D46E22B173C8F00A7668F /* picker_pracTests */ = {
			isa = PBXGroup;
			children = (
				346D46E32B173C8F00A7668F /* picker_pracTests.swift */,
			);
			path = picker_pracTests;
			sourceTree = "<group>";
		};
		346D46EC2B173C8F00A7668F /* picker_pracUITests */ = {
			isa = PBXGroup;
			children = (
				346D46ED2B173C8F00A7668F /* picker_pracUITests.swift */,
				346D46EF2B173C8F00A7668F /* picker_pracUITestsLaunchTests.swift */,
			);
			path = picker_pracUITests;
			sourceTree = "<group>";
		};
		346D46FC2B173CC700A7668F /* images */ = {
			isa = PBXGroup;
			children = (
				346D46FF2B173D1700A7668F /* 1.jpg */,
				346D47052B173D1700A7668F /* 2.jpg */,
				346D46FD2B173D1700A7668F /* 3.jpg */,
				346D46FE2B173D1700A7668F /* 4.jpg */,
				346D47032B173D1700A7668F /* 5.jpg */,
				346D47012B173D1700A7668F /* 6.jpg */,
				346D47002B173D1700A7668F /* 7.jpg */,
				346D47042B173D1700A7668F /* 8.jpg */,
				346D47022B173D1700A7668F /* 9.jpg */,
				346D47062B173D1700A7668F /* 10.jpg */,
			);
			path = images;
			sourceTree = "<group>";
		};
/* End PBXGroup section */

/* Begin PBXNativeTarget section */
		346D46C82B173C8E00A7668F /* picker_prac */ = {
			isa = PBXNativeTarget;
			buildConfigurationList = 346D46F32B173C8F00A7668F /* Build configuration list for PBXNativeTarget "picker_prac" */;
			buildPhases = (
				346D46C52B173C8E00A7668F /* Sources */,
				346D46C62B173C8E00A7668F /* Frameworks */,
				346D46C72B173C8E00A7668F /* Resources */,
			);
			buildRules = (
			);
			dependencies = (
			);
			name = picker_prac;
			productName = picker_prac;
			productReference = 346D46C92B173C8E00A7668F /* picker_prac.app */;
			productType = "com.apple.product-type.application";
		};
		346D46DE2B173C8F00A7668F /* picker_pracTests */ = {
			isa = PBXNativeTarget;
			buildConfigurationList = 346D46F62B173C8F00A7668F /* Build configuration list for PBXNativeTarget "picker_pracTests" */;
			buildPhases = (
				346D46DB2B173C8F00A7668F /* Sources */,
				346D46DC2B173C8F00A7668F /* Frameworks */,
				346D46DD2B173C8F00A7668F /* Resources */,
			);
			buildRules = (
			);
			dependencies = (
				346D46E12B173C8F00A7668F /* PBXTargetDependency */,
			);
			name = picker_pracTests;
			productName = picker_pracTests;
			productReference = 346D46DF2B173C8F00A7668F /* picker_pracTests.xctest */;
			productType = "com.apple.product-type.bundle.unit-test";
		};
		346D46E82B173C8F00A7668F /* picker_pracUITests */ = {
			isa = PBXNativeTarget;
			buildConfigurationList = 346D46F92B173C8F00A7668F /* Build configuration list for PBXNativeTarget "picker_pracUITests" */;
			buildPhases = (
				346D46E52B173C8F00A7668F /* Sources */,
				346D46E62B173C8F00A7668F /* Frameworks */,
				346D46E72B173C8F00A7668F /* Resources */,
			);
			buildRules = (
			);
			dependencies = (
				346D46EB2B173C8F00A7668F /* PBXTargetDependency */,
			);
			name = picker_pracUITests;
			productName = picker_pracUITests;
			productReference = 346D46E92B173C8F00A7668F /* picker_pracUITests.xctest */;
			productType = "com.apple.product-type.bundle.ui-testing";
		};
/* End PBXNativeTarget section */

/* Begin PBXProject section */
		346D46C12B173C8E00A7668F /* Project object */ = {
			isa = PBXProject;
			attributes = {
				BuildIndependentTargetsInParallel = 1;
				LastSwiftUpdateCheck = 1500;
				LastUpgradeCheck = 1500;
				TargetAttributes = {
					346D46C82B173C8E00A7668F = {
						CreatedOnToolsVersion = 15.0.1;
					};
					346D46DE2B173C8F00A7668F = {
						CreatedOnToolsVersion = 15.0.1;
						TestTargetID = 346D46C82B173C8E00A7668F;
					};
					346D46E82B173C8F00A7668F = {
						CreatedOnToolsVersion = 15.0.1;
						TestTargetID = 346D46C82B173C8E00A7668F;
					};
				};
			};
			buildConfigurationList = 346D46C42B173C8E00A7668F /* Build configuration list for PBXProject "picker_prac" */;
			compatibilityVersion = "Xcode 14.0";
			developmentRegion = en;
			hasScannedForEncodings = 0;
			knownRegions = (
				en,
				Base,
			);
			mainGroup = 346D46C02B173C8E00A7668F;
			productRefGroup = 346D46CA2B173C8E00A7668F /* Products */;
			projectDirPath = "";
			projectRoot = "";
			targets = (
				346D46C82B173C8E00A7668F /* picker_prac */,
				346D46DE2B173C8F00A7668F /* picker_pracTests */,
				346D46E82B173C8F00A7668F /* picker_pracUITests */,
			);
		};
/* End PBXProject section */

/* Begin PBXResourcesBuildPhase section */
		346D46C72B173C8E00A7668F /* Resources */ = {
			isa = PBXResourcesBuildPhase;
			buildActionMask = 2147483647;
			files = (
				346D47072B173D1700A7668F /* 3.jpg in Resources */,
				346D470E2B173D1700A7668F /* 8.jpg in Resources */,
				346D46D92B173C8F00A7668F /* LaunchScreen.storyboard in Resources */,
				346D470C2B173D1700A7668F /* 9.jpg in Resources */,
				346D470B2B173D1700A7668F /* 6.jpg in Resources */,
				346D46D62B173C8F00A7668F /* Assets.xcassets in Resources */,
				346D470A2B173D1700A7668F /* 7.jpg in Resources */,
				346D470F2B173D1700A7668F /* 2.jpg in Resources */,
				346D47102B173D1700A7668F /* 10.jpg in Resources */,
				346D46D42B173C8E00A7668F /* Main.storyboard in Resources */,
				346D470D2B173D1700A7668F /* 5.jpg in Resources */,
				346D47092B173D1700A7668F /* 1.jpg in Resources */,
				346D47082B173D1700A7668F /* 4.jpg in Resources */,
			);
			runOnlyForDeploymentPostprocessing = 0;
		};
		346D46DD2B173C8F00A7668F /* Resources */ = {
			isa = PBXResourcesBuildPhase;
			buildActionMask = 2147483647;
			files = (
			);
			runOnlyForDeploymentPostprocessing = 0;
		};
		346D46E72B173C8F00A7668F /* Resources */ = {
			isa = PBXResourcesBuildPhase;
			buildActionMask = 2147483647;
			files = (
			);
			runOnlyForDeploymentPostprocessing = 0;
		};
/* End PBXResourcesBuildPhase section */

/* Begin PBXSourcesBuildPhase section */
		346D46C52B173C8E00A7668F /* Sources */ = {
			isa = PBXSourcesBuildPhase;
			buildActionMask = 2147483647;
			files = (
				346D46D12B173C8E00A7668F /* ViewController.swift in Sources */,
				346D46CD2B173C8E00A7668F /* AppDelegate.swift in Sources */,
				346D46CF2B173C8E00A7668F /* SceneDelegate.swift in Sources */,
			);
			runOnlyForDeploymentPostprocessing = 0;
		};
		346D46DB2B173C8F00A7668F /* Sources */ = {
			isa = PBXSourcesBuildPhase;
			buildActionMask = 2147483647;
			files = (
				346D46E42B173C8F00A7668F /* picker_pracTests.swift in Sources */,
			);
			runOnlyForDeploymentPostprocessing = 0;
		};
		346D46E52B173C8F00A7668F /* Sources */ = {
			isa = PBXSourcesBuildPhase;
			buildActionMask = 2147483647;
			files = (
				346D46F02B173C8F00A7668F /* picker_pracUITestsLaunchTests.swift in Sources */,
				346D46EE2B173C8F00A7668F /* picker_pracUITests.swift in Sources */,
			);
			runOnlyForDeploymentPostprocessing = 0;
		};
/* End PBXSourcesBuildPhase section */

/* Begin PBXTargetDependency section */
		346D46E12B173C8F00A7668F /* PBXTargetDependency */ = {
			isa = PBXTargetDependency;
			target = 346D46C82B173C8E00A7668F /* picker_prac */;
			targetProxy = 346D46E02B173C8F00A7668F /* PBXContainerItemProxy */;
		};
		346D46EB2B173C8F00A7668F /* PBXTargetDependency */ = {
			isa = PBXTargetDependency;
			target = 346D46C82B173C8E00A7668F /* picker_prac */;
			targetProxy = 346D46EA2B173C8F00A7668F /* PBXContainerItemProxy */;
		};
/* End PBXTargetDependency section */

/* Begin PBXVariantGroup section */
		346D46D22B173C8E00A7668F /* Main.storyboard */ = {
			isa = PBXVariantGroup;
			children = (
				346D46D32B173C8E00A7668F /* Base */,
			);
			name = Main.storyboard;
			sourceTree = "<group>";
		};
		346D46D72B173C8F00A7668F /* LaunchScreen.storyboard */ = {
			isa = PBXVariantGroup;
			children = (
				346D46D82B173C8F00A7668F /* Base */,
			);
			name = LaunchScreen.storyboard;
			sourceTree = "<group>";
		};
/* End PBXVariantGroup section */

/* Begin XCBuildConfiguration section */
		346D46F12B173C8F00A7668F /* Debug */ = {
			isa = XCBuildConfiguration;
			buildSettings = {
				ALWAYS_SEARCH_USER_PATHS = NO;
				ASSETCATALOG_COMPILER_GENERATE_SWIFT_ASSET_SYMBOL_EXTENSIONS = YES;
				CLANG_ANALYZER_NONNULL = YES;
				CLANG_ANALYZER_NUMBER_OBJECT_CONVERSION = YES_AGGRESSIVE;
				CLANG_CXX_LANGUAGE_STANDARD = "gnu++20";
				CLANG_ENABLE_MODULES = YES;
				CLANG_ENABLE_OBJC_ARC = YES;
				CLANG_ENABLE_OBJC_WEAK = YES;
				CLANG_WARN_BLOCK_CAPTURE_AUTORELEASING = YES;
				CLANG_WARN_BOOL_CONVERSION = YES;
				CLANG_WARN_COMMA = YES;
				CLANG_WARN_CONSTANT_CONVERSION = YES;
				CLANG_WARN_DEPRECATED_OBJC_IMPLEMENTATIONS = YES;
				CLANG_WARN_DIRECT_OBJC_ISA_USAGE = YES_ERROR;
				CLANG_WARN_DOCUMENTATION_COMMENTS = YES;
				CLANG_WARN_EMPTY_BODY = YES;
				CLANG_WARN_ENUM_CONVERSION = YES;
				CLANG_WARN_INFINITE_RECURSION = YES;
				CLANG_WARN_INT_CONVERSION = YES;
				CLANG_WARN_NON_LITERAL_NULL_CONVERSION = YES;
				CLANG_WARN_OBJC_IMPLICIT_RETAIN_SELF = YES;
				CLANG_WARN_OBJC_LITERAL_CONVERSION = YES;
				CLANG_WARN_OBJC_ROOT_CLASS = YES_ERROR;
				CLANG_WARN_QUOTED_INCLUDE_IN_FRAMEWORK_HEADER = YES;
				CLANG_WARN_RANGE_LOOP_ANALYSIS = YES;
				CLANG_WARN_STRICT_PROTOTYPES = YES;
				CLANG_WARN_SUSPICIOUS_MOVE = YES;
				CLANG_WARN_UNGUARDED_AVAILABILITY = YES_AGGRESSIVE;
				CLANG_WARN_UNREACHABLE_CODE = YES;
				CLANG_WARN__DUPLICATE_METHOD_MATCH = YES;
				COPY_PHASE_STRIP = NO;
				DEBUG_INFORMATION_FORMAT = dwarf;
				ENABLE_STRICT_OBJC_MSGSEND = YES;
				ENABLE_TESTABILITY = YES;
				ENABLE_USER_SCRIPT_SANDBOXING = YES;
				GCC_C_LANGUAGE_STANDARD = gnu17;
				GCC_DYNAMIC_NO_PIC = NO;
				GCC_NO_COMMON_BLOCKS = YES;
				GCC_OPTIMIZATION_LEVEL = 0;
				GCC_PREPROCESSOR_DEFINITIONS = (
					"DEBUG=1",
					"$(inherited)",
				);
				GCC_WARN_64_TO_32_BIT_CONVERSION = YES;
				GCC_WARN_ABOUT_RETURN_TYPE = YES_ERROR;
				GCC_WARN_UNDECLARED_SELECTOR = YES;
				GCC_WARN_UNINITIALIZED_AUTOS = YES_AGGRESSIVE;
				GCC_WARN_UNUSED_FUNCTION = YES;
				GCC_WARN_UNUSED_VARIABLE = YES;
				IPHONEOS_DEPLOYMENT_TARGET = 17.0;
				LOCALIZATION_PREFERS_STRING_CATALOGS = YES;
				MTL_ENABLE_DEBUG_INFO = INCLUDE_SOURCE;
				MTL_FAST_MATH = YES;
				ONLY_ACTIVE_ARCH = YES;
				SDKROOT = iphoneos;
				SWIFT_ACTIVE_COMPILATION_CONDITIONS = "DEBUG $(inherited)";
				SWIFT_OPTIMIZATION_LEVEL = "-Onone";
			};
			name = Debug;
		};
		346D46F22B173C8F00A7668F /* Release */ = {
			isa = XCBuildConfiguration;
			buildSettings = {
				ALWAYS_SEARCH_USER_PATHS = NO;
				ASSETCATALOG_COMPILER_GENERATE_SWIFT_ASSET_SYMBOL_EXTENSIONS = YES;
				CLANG_ANALYZER_NONNULL = YES;
				CLANG_ANALYZER_NUMBER_OBJECT_CONVERSION = YES_AGGRESSIVE;
				CLANG_CXX_LANGUAGE_STANDARD = "gnu++20";
				CLANG_ENABLE_MODULES = YES;
				CLANG_ENABLE_OBJC_ARC = YES;
				CLANG_ENABLE_OBJC_WEAK = YES;
				CLANG_WARN_BLOCK_CAPTURE_AUTORELEASING = YES;
				CLANG_WARN_BOOL_CONVERSION = YES;
				CLANG_WARN_COMMA = YES;
				CLANG_WARN_CONSTANT_CONVERSION = YES;
				CLANG_WARN_DEPRECATED_OBJC_IMPLEMENTATIONS = YES;
				CLANG_WARN_DIRECT_OBJC_ISA_USAGE = YES_ERROR;
				CLANG_WARN_DOCUMENTATION_COMMENTS = YES;
				CLANG_WARN_EMPTY_BODY = YES;
				CLANG_WARN_ENUM_CONVERSION = YES;
				CLANG_WARN_INFINITE_RECURSION = YES;
				CLANG_WARN_INT_CONVERSION = YES;
				CLANG_WARN_NON_LITERAL_NULL_CONVERSION = YES;
				CLANG_WARN_OBJC_IMPLICIT_RETAIN_SELF = YES;
				CLANG_WARN_OBJC_LITERAL_CONVERSION = YES;
				CLANG_WARN_OBJC_ROOT_CLASS = YES_ERROR;
				CLANG_WARN_QUOTED_INCLUDE_IN_FRAMEWORK_HEADER = YES;
				CLANG_WARN_RANGE_LOOP_ANALYSIS = YES;
				CLANG_WARN_STRICT_PROTOTYPES = YES;
				CLANG_WARN_SUSPICIOUS_MOVE = YES;
				CLANG_WARN_UNGUARDED_AVAILABILITY = YES_AGGRESSIVE;
				CLANG_WARN_UNREACHABLE_CODE = YES;
				CLANG_WARN__DUPLICATE_METHOD_MATCH = YES;
				COPY_PHASE_STRIP = NO;
				DEBUG_INFORMATION_FORMAT = "dwarf-with-dsym";
				ENABLE_NS_ASSERTIONS = NO;
				ENABLE_STRICT_OBJC_MSGSEND = YES;
				ENABLE_USER_SCRIPT_SANDBOXING = YES;
				GCC_C_LANGUAGE_STANDARD = gnu17;
				GCC_NO_COMMON_BLOCKS = YES;
				GCC_WARN_64_TO_32_BIT_CONVERSION = YES;
				GCC_WARN_ABOUT_RETURN_TYPE = YES_ERROR;
				GCC_WARN_UNDECLARED_SELECTOR = YES;
				GCC_WARN_UNINITIALIZED_AUTOS = YES_AGGRESSIVE;
				GCC_WARN_UNUSED_FUNCTION = YES;
				GCC_WARN_UNUSED_VARIABLE = YES;
				IPHONEOS_DEPLOYMENT_TARGET = 17.0;
				LOCALIZATION_PREFERS_STRING_CATALOGS = YES;
				MTL_ENABLE_DEBUG_INFO = NO;
				MTL_FAST_MATH = YES;
				SDKROOT = iphoneos;
				SWIFT_COMPILATION_MODE = wholemodule;
				VALIDATE_PRODUCT = YES;
			};
			name = Release;
		};
		346D46F42B173C8F00A7668F /* Debug */ = {
			isa = XCBuildConfiguration;
			buildSettings = {
				ASSETCATALOG_COMPILER_APPICON_NAME = AppIcon;
				ASSETCATALOG_COMPILER_GLOBAL_ACCENT_COLOR_NAME = AccentColor;
				CODE_SIGN_STYLE = Automatic;
				CURRENT_PROJECT_VERSION = 1;
				DEVELOPMENT_TEAM = F9BQ5F2Q76;
				GENERATE_INFOPLIST_FILE = YES;
				INFOPLIST_FILE = picker_prac/Info.plist;
				INFOPLIST_KEY_UIApplicationSupportsIndirectInputEvents = YES;
				INFOPLIST_KEY_UILaunchStoryboardName = LaunchScreen;
				INFOPLIST_KEY_UIMainStoryboardFile = Main;
				INFOPLIST_KEY_UISupportedInterfaceOrientations_iPad = "UIInterfaceOrientationPortrait UIInterfaceOrientationPortraitUpsideDown UIInterfaceOrientationLandscapeLeft UIInterfaceOrientationLandscapeRight";
				INFOPLIST_KEY_UISupportedInterfaceOrientations_iPhone = "UIInterfaceOrientationPortrait UIInterfaceOrientationLandscapeLeft UIInterfaceOrientationLandscapeRight";
				LD_RUNPATH_SEARCH_PATHS = (
					"$(inherited)",
					"@executable_path/Frameworks",
				);
				MARKETING_VERSION = 1.0;
				PRODUCT_BUNDLE_IDENTIFIER = "inwoo.picker-prac";
				PRODUCT_NAME = "$(TARGET_NAME)";
				SWIFT_EMIT_LOC_STRINGS = YES;
				SWIFT_VERSION = 5.0;
				TARGETED_DEVICE_FAMILY = "1,2";
			};
			name = Debug;
		};
		346D46F52B173C8F00A7668F /* Release */ = {
			isa = XCBuildConfiguration;
			buildSettings = {
				ASSETCATALOG_COMPILER_APPICON_NAME = AppIcon;
				ASSETCATALOG_COMPILER_GLOBAL_ACCENT_COLOR_NAME = AccentColor;
				CODE_SIGN_STYLE = Automatic;
				CURRENT_PROJECT_VERSION = 1;
				DEVELOPMENT_TEAM = F9BQ5F2Q76;
				GENERATE_INFOPLIST_FILE = YES;
				INFOPLIST_FILE = picker_prac/Info.plist;
				INFOPLIST_KEY_UIApplicationSupportsIndirectInputEvents = YES;
				INFOPLIST_KEY_UILaunchStoryboardName = LaunchScreen;
				INFOPLIST_KEY_UIMainStoryboardFile = Main;
				INFOPLIST_KEY_UISupportedInterfaceOrientations_iPad = "UIInterfaceOrientationPortrait UIInterfaceOrientationPortraitUpsideDown UIInterfaceOrientationLandscapeLeft UIInterfaceOrientationLandscapeRight";
				INFOPLIST_KEY_UISupportedInterfaceOrientations_iPhone = "UIInterfaceOrientationPortrait UIInterfaceOrientationLandscapeLeft UIInterfaceOrientationLandscapeRight";
				LD_RUNPATH_SEARCH_PATHS = (
					"$(inherited)",
					"@executable_path/Frameworks",
				);
				MARKETING_VERSION = 1.0;
				PRODUCT_BUNDLE_IDENTIFIER = "inwoo.picker-prac";
				PRODUCT_NAME = "$(TARGET_NAME)";
				SWIFT_EMIT_LOC_STRINGS = YES;
				SWIFT_VERSION = 5.0;
				TARGETED_DEVICE_FAMILY = "1,2";
			};
			name = Release;
		};
		346D46F72B173C8F00A7668F /* Debug */ = {
			isa = XCBuildConfiguration;
			buildSettings = {
				ALWAYS_EMBED_SWIFT_STANDARD_LIBRARIES = YES;
				BUNDLE_LOADER = "$(TEST_HOST)";
				CODE_SIGN_STYLE = Automatic;
				CURRENT_PROJECT_VERSION = 1;
				DEVELOPMENT_TEAM = F9BQ5F2Q76;
				GENERATE_INFOPLIST_FILE = YES;
				IPHONEOS_DEPLOYMENT_TARGET = 17.0;
				MARKETING_VERSION = 1.0;
				PRODUCT_BUNDLE_IDENTIFIER = "inwoo.picker-pracTests";
				PRODUCT_NAME = "$(TARGET_NAME)";
				SWIFT_EMIT_LOC_STRINGS = NO;
				SWIFT_VERSION = 5.0;
				TARGETED_DEVICE_FAMILY = "1,2";
				TEST_HOST = "$(BUILT_PRODUCTS_DIR)/picker_prac.app/$(BUNDLE_EXECUTABLE_FOLDER_PATH)/picker_prac";
			};
			name = Debug;
		};
		346D46F82B173C8F00A7668F /* Release */ = {
			isa = XCBuildConfiguration;
			buildSettings = {
				ALWAYS_EMBED_SWIFT_STANDARD_LIBRARIES = YES;
				BUNDLE_LOADER = "$(TEST_HOST)";
				CODE_SIGN_STYLE = Automatic;
				CURRENT_PROJECT_VERSION = 1;
				DEVELOPMENT_TEAM = F9BQ5F2Q76;
				GENERATE_INFOPLIST_FILE = YES;
				IPHONEOS_DEPLOYMENT_TARGET = 17.0;
				MARKETING_VERSION = 1.0;
				PRODUCT_BUNDLE_IDENTIFIER = "inwoo.picker-pracTests";
				PRODUCT_NAME = "$(TARGET_NAME)";
				SWIFT_EMIT_LOC_STRINGS = NO;
				SWIFT_VERSION = 5.0;
				TARGETED_DEVICE_FAMILY = "1,2";
				TEST_HOST = "$(BUILT_PRODUCTS_DIR)/picker_prac.app/$(BUNDLE_EXECUTABLE_FOLDER_PATH)/picker_prac";
			};
			name = Release;
		};
		346D46FA2B173C8F00A7668F /* Debug */ = {
			isa = XCBuildConfiguration;
			buildSettings = {
				ALWAYS_EMBED_SWIFT_STANDARD_LIBRARIES = YES;
				CODE_SIGN_STYLE = Automatic;
				CURRENT_PROJECT_VERSION = 1;
				DEVELOPMENT_TEAM = F9BQ5F2Q76;
				GENERATE_INFOPLIST_FILE = YES;
				MARKETING_VERSION = 1.0;
				PRODUCT_BUNDLE_IDENTIFIER = "inwoo.picker-pracUITests";
				PRODUCT_NAME = "$(TARGET_NAME)";
				SWIFT_EMIT_LOC_STRINGS = NO;
				SWIFT_VERSION = 5.0;
				TARGETED_DEVICE_FAMILY = "1,2";
				TEST_TARGET_NAME = picker_prac;
			};
			name = Debug;
		};
		346D46FB2B173C8F00A7668F /* Release */ = {
			isa = XCBuildConfiguration;
			buildSettings = {
				ALWAYS_EMBED_SWIFT_STANDARD_LIBRARIES = YES;
				CODE_SIGN_STYLE = Automatic;
				CURRENT_PROJECT_VERSION = 1;
				DEVELOPMENT_TEAM = F9BQ5F2Q76;
				GENERATE_INFOPLIST_FILE = YES;
				MARKETING_VERSION = 1.0;
				PRODUCT_BUNDLE_IDENTIFIER = "inwoo.picker-pracUITests";
				PRODUCT_NAME = "$(TARGET_NAME)";
				SWIFT_EMIT_LOC_STRINGS = NO;
				SWIFT_VERSION = 5.0;
				TARGETED_DEVICE_FAMILY = "1,2";
				TEST_TARGET_NAME = picker_prac;
			};
			name = Release;
		};
/* End XCBuildConfiguration section */

/* Begin XCConfigurationList section */
		346D46C42B173C8E00A7668F /* Build configuration list for PBXProject "picker_prac" */ = {
			isa = XCConfigurationList;
			buildConfigurations = (
				346D46F12B173C8F00A7668F /* Debug */,
				346D46F22B173C8F00A7668F /* Release */,
			);
			defaultConfigurationIsVisible = 0;
			defaultConfigurationName = Release;
		};
		346D46F32B173C8F00A7668F /* Build configuration list for PBXNativeTarget "picker_prac" */ = {
			isa = XCConfigurationList;
			buildConfigurations = (
				346D46F42B173C8F00A7668F /* Debug */,
				346D46F52B173C8F00A7668F /* Release */,
			);
			defaultConfigurationIsVisible = 0;
			defaultConfigurationName = Release;
		};
		346D46F62B173C8F00A7668F /* Build configuration list for PBXNativeTarget "picker_pracTests" */ = {
			isa = XCConfigurationList;
			buildConfigurations = (
				346D46F72B173C8F00A7668F /* Debug */,
				346D46F82B173C8F00A7668F /* Release */,
			);
			defaultConfigurationIsVisible = 0;
			defaultConfigurationName = Release;
		};
		346D46F92B173C8F00A7668F /* Build configuration list for PBXNativeTarget "picker_pracUITests" */ = {
			isa = XCConfigurationList;
			buildConfigurations = (
				346D46FA2B173C8F00A7668F /* Debug */,
				346D46FB2B173C8F00A7668F /* Release */,
			);
			defaultConfigurationIsVisible = 0;
			defaultConfigurationName = Release;
		};
/* End XCConfigurationList section */
	};
	rootObject = 346D46C12B173C8E00A7668F /* Project object */;
}
