// !$*UTF8*$!
{
	archiveVersion = 1;
	classes = {
	};
	objectVersion = 56;
	objects = {

/* Begin PBXBuildFile section */
		34DB71BB2B1823EF007FEF03 /* AppDelegate.swift in Sources */ = {isa = PBXBuildFile; fileRef = 34DB71BA2B1823EF007FEF03 /* AppDelegate.swift */; };
		34DB71BD2B1823EF007FEF03 /* SceneDelegate.swift in Sources */ = {isa = PBXBuildFile; fileRef = 34DB71BC2B1823EF007FEF03 /* SceneDelegate.swift */; };
		34DB71BF2B1823EF007FEF03 /* ViewController.swift in Sources */ = {isa = PBXBuildFile; fileRef = 34DB71BE2B1823EF007FEF03 /* ViewController.swift */; };
		34DB71C22B1823EF007FEF03 /* Main.storyboard in Resources */ = {isa = PBXBuildFile; fileRef = 34DB71C02B1823EF007FEF03 /* Main.storyboard */; };
		34DB71C42B1823F0007FEF03 /* Assets.xcassets in Resources */ = {isa = PBXBuildFile; fileRef = 34DB71C32B1823F0007FEF03 /* Assets.xcassets */; };
		34DB71C72B1823F0007FEF03 /* LaunchScreen.storyboard in Resources */ = {isa = PBXBuildFile; fileRef = 34DB71C52B1823F0007FEF03 /* LaunchScreen.storyboard */; };
		34DB71D22B1823F0007FEF03 /* mySecretRecipeTests.swift in Sources */ = {isa = PBXBuildFile; fileRef = 34DB71D12B1823F0007FEF03 /* mySecretRecipeTests.swift */; };
		34DB71DC2B1823F0007FEF03 /* mySecretRecipeUITests.swift in Sources */ = {isa = PBXBuildFile; fileRef = 34DB71DB2B1823F0007FEF03 /* mySecretRecipeUITests.swift */; };
		34DB71DE2B1823F0007FEF03 /* mySecretRecipeUITestsLaunchTests.swift in Sources */ = {isa = PBXBuildFile; fileRef = 34DB71DD2B1823F0007FEF03 /* mySecretRecipeUITestsLaunchTests.swift */; };
/* End PBXBuildFile section */

/* Begin PBXContainerItemProxy section */
		34DB71CE2B1823F0007FEF03 /* PBXContainerItemProxy */ = {
			isa = PBXContainerItemProxy;
			containerPortal = 34DB71AF2B1823EF007FEF03 /* Project object */;
			proxyType = 1;
			remoteGlobalIDString = 34DB71B62B1823EF007FEF03;
			remoteInfo = mySecretRecipe;
		};
		34DB71D82B1823F0007FEF03 /* PBXContainerItemProxy */ = {
			isa = PBXContainerItemProxy;
			containerPortal = 34DB71AF2B1823EF007FEF03 /* Project object */;
			proxyType = 1;
			remoteGlobalIDString = 34DB71B62B1823EF007FEF03;
			remoteInfo = mySecretRecipe;
		};
/* End PBXContainerItemProxy section */

/* Begin PBXFileReference section */
		34DB71B72B1823EF007FEF03 /* mySecretRecipe.app */ = {isa = PBXFileReference; explicitFileType = wrapper.application; includeInIndex = 0; path = mySecretRecipe.app; sourceTree = BUILT_PRODUCTS_DIR; };
		34DB71BA2B1823EF007FEF03 /* AppDelegate.swift */ = {isa = PBXFileReference; lastKnownFileType = sourcecode.swift; path = AppDelegate.swift; sourceTree = "<group>"; };
		34DB71BC2B1823EF007FEF03 /* SceneDelegate.swift */ = {isa = PBXFileReference; lastKnownFileType = sourcecode.swift; path = SceneDelegate.swift; sourceTree = "<group>"; };
		34DB71BE2B1823EF007FEF03 /* ViewController.swift */ = {isa = PBXFileReference; lastKnownFileType = sourcecode.swift; path = ViewController.swift; sourceTree = "<group>"; };
		34DB71C12B1823EF007FEF03 /* Base */ = {isa = PBXFileReference; lastKnownFileType = file.storyboard; name = Base; path = Base.lproj/Main.storyboard; sourceTree = "<group>"; };
		34DB71C32B1823F0007FEF03 /* Assets.xcassets */ = {isa = PBXFileReference; lastKnownFileType = folder.assetcatalog; path = Assets.xcassets; sourceTree = "<group>"; };
		34DB71C62B1823F0007FEF03 /* Base */ = {isa = PBXFileReference; lastKnownFileType = file.storyboard; name = Base; path = Base.lproj/LaunchScreen.storyboard; sourceTree = "<group>"; };
		34DB71C82B1823F0007FEF03 /* Info.plist */ = {isa = PBXFileReference; lastKnownFileType = text.plist.xml; path = Info.plist; sourceTree = "<group>"; };
		34DB71CD2B1823F0007FEF03 /* mySecretRecipeTests.xctest */ = {isa = PBXFileReference; explicitFileType = wrapper.cfbundle; includeInIndex = 0; path = mySecretRecipeTests.xctest; sourceTree = BUILT_PRODUCTS_DIR; };
		34DB71D12B1823F0007FEF03 /* mySecretRecipeTests.swift */ = {isa = PBXFileReference; lastKnownFileType = sourcecode.swift; path = mySecretRecipeTests.swift; sourceTree = "<group>"; };
		34DB71D72B1823F0007FEF03 /* mySecretRecipeUITests.xctest */ = {isa = PBXFileReference; explicitFileType = wrapper.cfbundle; includeInIndex = 0; path = mySecretRecipeUITests.xctest; sourceTree = BUILT_PRODUCTS_DIR; };
		34DB71DB2B1823F0007FEF03 /* mySecretRecipeUITests.swift */ = {isa = PBXFileReference; lastKnownFileType = sourcecode.swift; path = mySecretRecipeUITests.swift; sourceTree = "<group>"; };
		34DB71DD2B1823F0007FEF03 /* mySecretRecipeUITestsLaunchTests.swift */ = {isa = PBXFileReference; lastKnownFileType = sourcecode.swift; path = mySecretRecipeUITestsLaunchTests.swift; sourceTree = "<group>"; };
/* End PBXFileReference section */

/* Begin PBXFrameworksBuildPhase section */
		34DB71B42B1823EF007FEF03 /* Frameworks */ = {
			isa = PBXFrameworksBuildPhase;
			buildActionMask = 2147483647;
			files = (
			);
			runOnlyForDeploymentPostprocessing = 0;
		};
		34DB71CA2B1823F0007FEF03 /* Frameworks */ = {
			isa = PBXFrameworksBuildPhase;
			buildActionMask = 2147483647;
			files = (
			);
			runOnlyForDeploymentPostprocessing = 0;
		};
		34DB71D42B1823F0007FEF03 /* Frameworks */ = {
			isa = PBXFrameworksBuildPhase;
			buildActionMask = 2147483647;
			files = (
			);
			runOnlyForDeploymentPostprocessing = 0;
		};
/* End PBXFrameworksBuildPhase section */

/* Begin PBXGroup section */
		34DB71AE2B1823EF007FEF03 = {
			isa = PBXGroup;
			children = (
				34DB71B92B1823EF007FEF03 /* mySecretRecipe */,
				34DB71D02B1823F0007FEF03 /* mySecretRecipeTests */,
				34DB71DA2B1823F0007FEF03 /* mySecretRecipeUITests */,
				34DB71B82B1823EF007FEF03 /* Products */,
			);
			sourceTree = "<group>";
		};
		34DB71B82B1823EF007FEF03 /* Products */ = {
			isa = PBXGroup;
			children = (
				34DB71B72B1823EF007FEF03 /* mySecretRecipe.app */,
				34DB71CD2B1823F0007FEF03 /* mySecretRecipeTests.xctest */,
				34DB71D72B1823F0007FEF03 /* mySecretRecipeUITests.xctest */,
			);
			name = Products;
			sourceTree = "<group>";
		};
		34DB71B92B1823EF007FEF03 /* mySecretRecipe */ = {
			isa = PBXGroup;
			children = (
				34DB71BA2B1823EF007FEF03 /* AppDelegate.swift */,
				34DB71BC2B1823EF007FEF03 /* SceneDelegate.swift */,
				34DB71BE2B1823EF007FEF03 /* ViewController.swift */,
				34DB71C02B1823EF007FEF03 /* Main.storyboard */,
				34DB71C32B1823F0007FEF03 /* Assets.xcassets */,
				34DB71C52B1823F0007FEF03 /* LaunchScreen.storyboard */,
				34DB71C82B1823F0007FEF03 /* Info.plist */,
			);
			path = mySecretRecipe;
			sourceTree = "<group>";
		};
		34DB71D02B1823F0007FEF03 /* mySecretRecipeTests */ = {
			isa = PBXGroup;
			children = (
				34DB71D12B1823F0007FEF03 /* mySecretRecipeTests.swift */,
			);
			path = mySecretRecipeTests;
			sourceTree = "<group>";
		};
		34DB71DA2B1823F0007FEF03 /* mySecretRecipeUITests */ = {
			isa = PBXGroup;
			children = (
				34DB71DB2B1823F0007FEF03 /* mySecretRecipeUITests.swift */,
				34DB71DD2B1823F0007FEF03 /* mySecretRecipeUITestsLaunchTests.swift */,
			);
			path = mySecretRecipeUITests;
			sourceTree = "<group>";
		};
/* End PBXGroup section */

/* Begin PBXNativeTarget section */
		34DB71B62B1823EF007FEF03 /* mySecretRecipe */ = {
			isa = PBXNativeTarget;
			buildConfigurationList = 34DB71E12B1823F0007FEF03 /* Build configuration list for PBXNativeTarget "mySecretRecipe" */;
			buildPhases = (
				34DB71B32B1823EF007FEF03 /* Sources */,
				34DB71B42B1823EF007FEF03 /* Frameworks */,
				34DB71B52B1823EF007FEF03 /* Resources */,
			);
			buildRules = (
			);
			dependencies = (
			);
			name = mySecretRecipe;
			productName = mySecretRecipe;
			productReference = 34DB71B72B1823EF007FEF03 /* mySecretRecipe.app */;
			productType = "com.apple.product-type.application";
		};
		34DB71CC2B1823F0007FEF03 /* mySecretRecipeTests */ = {
			isa = PBXNativeTarget;
			buildConfigurationList = 34DB71E42B1823F0007FEF03 /* Build configuration list for PBXNativeTarget "mySecretRecipeTests" */;
			buildPhases = (
				34DB71C92B1823F0007FEF03 /* Sources */,
				34DB71CA2B1823F0007FEF03 /* Frameworks */,
				34DB71CB2B1823F0007FEF03 /* Resources */,
			);
			buildRules = (
			);
			dependencies = (
				34DB71CF2B1823F0007FEF03 /* PBXTargetDependency */,
			);
			name = mySecretRecipeTests;
			productName = mySecretRecipeTests;
			productReference = 34DB71CD2B1823F0007FEF03 /* mySecretRecipeTests.xctest */;
			productType = "com.apple.product-type.bundle.unit-test";
		};
		34DB71D62B1823F0007FEF03 /* mySecretRecipeUITests */ = {
			isa = PBXNativeTarget;
			buildConfigurationList = 34DB71E72B1823F0007FEF03 /* Build configuration list for PBXNativeTarget "mySecretRecipeUITests" */;
			buildPhases = (
				34DB71D32B1823F0007FEF03 /* Sources */,
				34DB71D42B1823F0007FEF03 /* Frameworks */,
				34DB71D52B1823F0007FEF03 /* Resources */,
			);
			buildRules = (
			);
			dependencies = (
				34DB71D92B1823F0007FEF03 /* PBXTargetDependency */,
			);
			name = mySecretRecipeUITests;
			productName = mySecretRecipeUITests;
			productReference = 34DB71D72B1823F0007FEF03 /* mySecretRecipeUITests.xctest */;
			productType = "com.apple.product-type.bundle.ui-testing";
		};
/* End PBXNativeTarget section */

/* Begin PBXProject section */
		34DB71AF2B1823EF007FEF03 /* Project object */ = {
			isa = PBXProject;
			attributes = {
				BuildIndependentTargetsInParallel = 1;
				LastSwiftUpdateCheck = 1500;
				LastUpgradeCheck = 1500;
				TargetAttributes = {
					34DB71B62B1823EF007FEF03 = {
						CreatedOnToolsVersion = 15.0.1;
					};
					34DB71CC2B1823F0007FEF03 = {
						CreatedOnToolsVersion = 15.0.1;
						TestTargetID = 34DB71B62B1823EF007FEF03;
					};
					34DB71D62B1823F0007FEF03 = {
						CreatedOnToolsVersion = 15.0.1;
						TestTargetID = 34DB71B62B1823EF007FEF03;
					};
				};
			};
			buildConfigurationList = 34DB71B22B1823EF007FEF03 /* Build configuration list for PBXProject "mySecretRecipe" */;
			compatibilityVersion = "Xcode 14.0";
			developmentRegion = en;
			hasScannedForEncodings = 0;
			knownRegions = (
				en,
				Base,
			);
			mainGroup = 34DB71AE2B1823EF007FEF03;
			productRefGroup = 34DB71B82B1823EF007FEF03 /* Products */;
			projectDirPath = "";
			projectRoot = "";
			targets = (
				34DB71B62B1823EF007FEF03 /* mySecretRecipe */,
				34DB71CC2B1823F0007FEF03 /* mySecretRecipeTests */,
				34DB71D62B1823F0007FEF03 /* mySecretRecipeUITests */,
			);
		};
/* End PBXProject section */

/* Begin PBXResourcesBuildPhase section */
		34DB71B52B1823EF007FEF03 /* Resources */ = {
			isa = PBXResourcesBuildPhase;
			buildActionMask = 2147483647;
			files = (
				34DB71C72B1823F0007FEF03 /* LaunchScreen.storyboard in Resources */,
				34DB71C42B1823F0007FEF03 /* Assets.xcassets in Resources */,
				34DB71C22B1823EF007FEF03 /* Main.storyboard in Resources */,
			);
			runOnlyForDeploymentPostprocessing = 0;
		};
		34DB71CB2B1823F0007FEF03 /* Resources */ = {
			isa = PBXResourcesBuildPhase;
			buildActionMask = 2147483647;
			files = (
			);
			runOnlyForDeploymentPostprocessing = 0;
		};
		34DB71D52B1823F0007FEF03 /* Resources */ = {
			isa = PBXResourcesBuildPhase;
			buildActionMask = 2147483647;
			files = (
			);
			runOnlyForDeploymentPostprocessing = 0;
		};
/* End PBXResourcesBuildPhase section */

/* Begin PBXSourcesBuildPhase section */
		34DB71B32B1823EF007FEF03 /* Sources */ = {
			isa = PBXSourcesBuildPhase;
			buildActionMask = 2147483647;
			files = (
				34DB71BF2B1823EF007FEF03 /* ViewController.swift in Sources */,
				34DB71BB2B1823EF007FEF03 /* AppDelegate.swift in Sources */,
				34DB71BD2B1823EF007FEF03 /* SceneDelegate.swift in Sources */,
			);
			runOnlyForDeploymentPostprocessing = 0;
		};
		34DB71C92B1823F0007FEF03 /* Sources */ = {
			isa = PBXSourcesBuildPhase;
			buildActionMask = 2147483647;
			files = (
				34DB71D22B1823F0007FEF03 /* mySecretRecipeTests.swift in Sources */,
			);
			runOnlyForDeploymentPostprocessing = 0;
		};
		34DB71D32B1823F0007FEF03 /* Sources */ = {
			isa = PBXSourcesBuildPhase;
			buildActionMask = 2147483647;
			files = (
				34DB71DE2B1823F0007FEF03 /* mySecretRecipeUITestsLaunchTests.swift in Sources */,
				34DB71DC2B1823F0007FEF03 /* mySecretRecipeUITests.swift in Sources */,
			);
			runOnlyForDeploymentPostprocessing = 0;
		};
/* End PBXSourcesBuildPhase section */

/* Begin PBXTargetDependency section */
		34DB71CF2B1823F0007FEF03 /* PBXTargetDependency */ = {
			isa = PBXTargetDependency;
			target = 34DB71B62B1823EF007FEF03 /* mySecretRecipe */;
			targetProxy = 34DB71CE2B1823F0007FEF03 /* PBXContainerItemProxy */;
		};
		34DB71D92B1823F0007FEF03 /* PBXTargetDependency */ = {
			isa = PBXTargetDependency;
			target = 34DB71B62B1823EF007FEF03 /* mySecretRecipe */;
			targetProxy = 34DB71D82B1823F0007FEF03 /* PBXContainerItemProxy */;
		};
/* End PBXTargetDependency section */

/* Begin PBXVariantGroup section */
		34DB71C02B1823EF007FEF03 /* Main.storyboard */ = {
			isa = PBXVariantGroup;
			children = (
				34DB71C12B1823EF007FEF03 /* Base */,
			);
			name = Main.storyboard;
			sourceTree = "<group>";
		};
		34DB71C52B1823F0007FEF03 /* LaunchScreen.storyboard */ = {
			isa = PBXVariantGroup;
			children = (
				34DB71C62B1823F0007FEF03 /* Base */,
			);
			name = LaunchScreen.storyboard;
			sourceTree = "<group>";
		};
/* End PBXVariantGroup section */

/* Begin XCBuildConfiguration section */
		34DB71DF2B1823F0007FEF03 /* Debug */ = {
			isa = XCBuildConfiguration;
			buildSettings = {
				ALWAYS_SEARCH_USER_PATHS = NO;
				ASSETCATALOG_COMPILER_GENERATE_SWIFT_ASSET_SYMBOL_EXTENSIONS = YES;
				CLANG_ANALYZER_NONNULL = YES;
				CLANG_ANALYZER_NUMBER_OBJECT_CONVERSION = YES_AGGRESSIVE;
				CLANG_CXX_LANGUAGE_STANDARD = "gnu++20";
				CLANG_ENABLE_MODULES = YES;
				CLANG_ENABLE_OBJC_ARC = YES;
				CLANG_ENABLE_OBJC_WEAK = YES;
				CLANG_WARN_BLOCK_CAPTURE_AUTORELEASING = YES;
				CLANG_WARN_BOOL_CONVERSION = YES;
				CLANG_WARN_COMMA = YES;
				CLANG_WARN_CONSTANT_CONVERSION = YES;
				CLANG_WARN_DEPRECATED_OBJC_IMPLEMENTATIONS = YES;
				CLANG_WARN_DIRECT_OBJC_ISA_USAGE = YES_ERROR;
				CLANG_WARN_DOCUMENTATION_COMMENTS = YES;
				CLANG_WARN_EMPTY_BODY = YES;
				CLANG_WARN_ENUM_CONVERSION = YES;
				CLANG_WARN_INFINITE_RECURSION = YES;
				CLANG_WARN_INT_CONVERSION = YES;
				CLANG_WARN_NON_LITERAL_NULL_CONVERSION = YES;
				CLANG_WARN_OBJC_IMPLICIT_RETAIN_SELF = YES;
				CLANG_WARN_OBJC_LITERAL_CONVERSION = YES;
				CLANG_WARN_OBJC_ROOT_CLASS = YES_ERROR;
				CLANG_WARN_QUOTED_INCLUDE_IN_FRAMEWORK_HEADER = YES;
				CLANG_WARN_RANGE_LOOP_ANALYSIS = YES;
				CLANG_WARN_STRICT_PROTOTYPES = YES;
				CLANG_WARN_SUSPICIOUS_MOVE = YES;
				CLANG_WARN_UNGUARDED_AVAILABILITY = YES_AGGRESSIVE;
				CLANG_WARN_UNREACHABLE_CODE = YES;
				CLANG_WARN__DUPLICATE_METHOD_MATCH = YES;
				COPY_PHASE_STRIP = NO;
				DEBUG_INFORMATION_FORMAT = dwarf;
				ENABLE_STRICT_OBJC_MSGSEND = YES;
				ENABLE_TESTABILITY = YES;
				ENABLE_USER_SCRIPT_SANDBOXING = YES;
				GCC_C_LANGUAGE_STANDARD = gnu17;
				GCC_DYNAMIC_NO_PIC = NO;
				GCC_NO_COMMON_BLOCKS = YES;
				GCC_OPTIMIZATION_LEVEL = 0;
				GCC_PREPROCESSOR_DEFINITIONS = (
					"DEBUG=1",
					"$(inherited)",
				);
				GCC_WARN_64_TO_32_BIT_CONVERSION = YES;
				GCC_WARN_ABOUT_RETURN_TYPE = YES_ERROR;
				GCC_WARN_UNDECLARED_SELECTOR = YES;
				GCC_WARN_UNINITIALIZED_AUTOS = YES_AGGRESSIVE;
				GCC_WARN_UNUSED_FUNCTION = YES;
				GCC_WARN_UNUSED_VARIABLE = YES;
				IPHONEOS_DEPLOYMENT_TARGET = 17.0;
				LOCALIZATION_PREFERS_STRING_CATALOGS = YES;
				MTL_ENABLE_DEBUG_INFO = INCLUDE_SOURCE;
				MTL_FAST_MATH = YES;
				ONLY_ACTIVE_ARCH = YES;
				SDKROOT = iphoneos;
				SWIFT_ACTIVE_COMPILATION_CONDITIONS = "DEBUG $(inherited)";
				SWIFT_OPTIMIZATION_LEVEL = "-Onone";
			};
			name = Debug;
		};
		34DB71E02B1823F0007FEF03 /* Release */ = {
			isa = XCBuildConfiguration;
			buildSettings = {
				ALWAYS_SEARCH_USER_PATHS = NO;
				ASSETCATALOG_COMPILER_GENERATE_SWIFT_ASSET_SYMBOL_EXTENSIONS = YES;
				CLANG_ANALYZER_NONNULL = YES;
				CLANG_ANALYZER_NUMBER_OBJECT_CONVERSION = YES_AGGRESSIVE;
				CLANG_CXX_LANGUAGE_STANDARD = "gnu++20";
				CLANG_ENABLE_MODULES = YES;
				CLANG_ENABLE_OBJC_ARC = YES;
				CLANG_ENABLE_OBJC_WEAK = YES;
				CLANG_WARN_BLOCK_CAPTURE_AUTORELEASING = YES;
				CLANG_WARN_BOOL_CONVERSION = YES;
				CLANG_WARN_COMMA = YES;
				CLANG_WARN_CONSTANT_CONVERSION = YES;
				CLANG_WARN_DEPRECATED_OBJC_IMPLEMENTATIONS = YES;
				CLANG_WARN_DIRECT_OBJC_ISA_USAGE = YES_ERROR;
				CLANG_WARN_DOCUMENTATION_COMMENTS = YES;
				CLANG_WARN_EMPTY_BODY = YES;
				CLANG_WARN_ENUM_CONVERSION = YES;
				CLANG_WARN_INFINITE_RECURSION = YES;
				CLANG_WARN_INT_CONVERSION = YES;
				CLANG_WARN_NON_LITERAL_NULL_CONVERSION = YES;
				CLANG_WARN_OBJC_IMPLICIT_RETAIN_SELF = YES;
				CLANG_WARN_OBJC_LITERAL_CONVERSION = YES;
				CLANG_WARN_OBJC_ROOT_CLASS = YES_ERROR;
				CLANG_WARN_QUOTED_INCLUDE_IN_FRAMEWORK_HEADER = YES;
				CLANG_WARN_RANGE_LOOP_ANALYSIS = YES;
				CLANG_WARN_STRICT_PROTOTYPES = YES;
				CLANG_WARN_SUSPICIOUS_MOVE = YES;
				CLANG_WARN_UNGUARDED_AVAILABILITY = YES_AGGRESSIVE;
				CLANG_WARN_UNREACHABLE_CODE = YES;
				CLANG_WARN__DUPLICATE_METHOD_MATCH = YES;
				COPY_PHASE_STRIP = NO;
				DEBUG_INFORMATION_FORMAT = "dwarf-with-dsym";
				ENABLE_NS_ASSERTIONS = NO;
				ENABLE_STRICT_OBJC_MSGSEND = YES;
				ENABLE_USER_SCRIPT_SANDBOXING = YES;
				GCC_C_LANGUAGE_STANDARD = gnu17;
				GCC_NO_COMMON_BLOCKS = YES;
				GCC_WARN_64_TO_32_BIT_CONVERSION = YES;
				GCC_WARN_ABOUT_RETURN_TYPE = YES_ERROR;
				GCC_WARN_UNDECLARED_SELECTOR = YES;
				GCC_WARN_UNINITIALIZED_AUTOS = YES_AGGRESSIVE;
				GCC_WARN_UNUSED_FUNCTION = YES;
				GCC_WARN_UNUSED_VARIABLE = YES;
				IPHONEOS_DEPLOYMENT_TARGET = 17.0;
				LOCALIZATION_PREFERS_STRING_CATALOGS = YES;
				MTL_ENABLE_DEBUG_INFO = NO;
				MTL_FAST_MATH = YES;
				SDKROOT = iphoneos;
				SWIFT_COMPILATION_MODE = wholemodule;
				VALIDATE_PRODUCT = YES;
			};
			name = Release;
		};
		34DB71E22B1823F0007FEF03 /* Debug */ = {
			isa = XCBuildConfiguration;
			buildSettings = {
				ASSETCATALOG_COMPILER_APPICON_NAME = AppIcon;
				ASSETCATALOG_COMPILER_GLOBAL_ACCENT_COLOR_NAME = AccentColor;
				CODE_SIGN_STYLE = Automatic;
				CURRENT_PROJECT_VERSION = 1;
				DEVELOPMENT_TEAM = F9BQ5F2Q76;
				GENERATE_INFOPLIST_FILE = YES;
				INFOPLIST_FILE = mySecretRecipe/Info.plist;
				INFOPLIST_KEY_UIApplicationSupportsIndirectInputEvents = YES;
				INFOPLIST_KEY_UILaunchStoryboardName = LaunchScreen;
				INFOPLIST_KEY_UIMainStoryboardFile = Main;
				INFOPLIST_KEY_UISupportedInterfaceOrientations_iPad = "UIInterfaceOrientationPortrait UIInterfaceOrientationPortraitUpsideDown UIInterfaceOrientationLandscapeLeft UIInterfaceOrientationLandscapeRight";
				INFOPLIST_KEY_UISupportedInterfaceOrientations_iPhone = "UIInterfaceOrientationPortrait UIInterfaceOrientationLandscapeLeft UIInterfaceOrientationLandscapeRight";
				LD_RUNPATH_SEARCH_PATHS = (
					"$(inherited)",
					"@executable_path/Frameworks",
				);
				MARKETING_VERSION = 1.0;
				PRODUCT_BUNDLE_IDENTIFIER = inwoo.mySecretRecipe;
				PRODUCT_NAME = "$(TARGET_NAME)";
				SWIFT_EMIT_LOC_STRINGS = YES;
				SWIFT_VERSION = 5.0;
				TARGETED_DEVICE_FAMILY = "1,2";
			};
			name = Debug;
		};
		34DB71E32B1823F0007FEF03 /* Release */ = {
			isa = XCBuildConfiguration;
			buildSettings = {
				ASSETCATALOG_COMPILER_APPICON_NAME = AppIcon;
				ASSETCATALOG_COMPILER_GLOBAL_ACCENT_COLOR_NAME = AccentColor;
				CODE_SIGN_STYLE = Automatic;
				CURRENT_PROJECT_VERSION = 1;
				DEVELOPMENT_TEAM = F9BQ5F2Q76;
				GENERATE_INFOPLIST_FILE = YES;
				INFOPLIST_FILE = mySecretRecipe/Info.plist;
				INFOPLIST_KEY_UIApplicationSupportsIndirectInputEvents = YES;
				INFOPLIST_KEY_UILaunchStoryboardName = LaunchScreen;
				INFOPLIST_KEY_UIMainStoryboardFile = Main;
				INFOPLIST_KEY_UISupportedInterfaceOrientations_iPad = "UIInterfaceOrientationPortrait UIInterfaceOrientationPortraitUpsideDown UIInterfaceOrientationLandscapeLeft UIInterfaceOrientationLandscapeRight";
				INFOPLIST_KEY_UISupportedInterfaceOrientations_iPhone = "UIInterfaceOrientationPortrait UIInterfaceOrientationLandscapeLeft UIInterfaceOrientationLandscapeRight";
				LD_RUNPATH_SEARCH_PATHS = (
					"$(inherited)",
					"@executable_path/Frameworks",
				);
				MARKETING_VERSION = 1.0;
				PRODUCT_BUNDLE_IDENTIFIER = inwoo.mySecretRecipe;
				PRODUCT_NAME = "$(TARGET_NAME)";
				SWIFT_EMIT_LOC_STRINGS = YES;
				SWIFT_VERSION = 5.0;
				TARGETED_DEVICE_FAMILY = "1,2";
			};
			name = Release;
		};
		34DB71E52B1823F0007FEF03 /* Debug */ = {
			isa = XCBuildConfiguration;
			buildSettings = {
				ALWAYS_EMBED_SWIFT_STANDARD_LIBRARIES = YES;
				BUNDLE_LOADER = "$(TEST_HOST)";
				CODE_SIGN_STYLE = Automatic;
				CURRENT_PROJECT_VERSION = 1;
				DEVELOPMENT_TEAM = F9BQ5F2Q76;
				GENERATE_INFOPLIST_FILE = YES;
				IPHONEOS_DEPLOYMENT_TARGET = 17.0;
				MARKETING_VERSION = 1.0;
				PRODUCT_BUNDLE_IDENTIFIER = inwoo.mySecretRecipeTests;
				PRODUCT_NAME = "$(TARGET_NAME)";
				SWIFT_EMIT_LOC_STRINGS = NO;
				SWIFT_VERSION = 5.0;
				TARGETED_DEVICE_FAMILY = "1,2";
				TEST_HOST = "$(BUILT_PRODUCTS_DIR)/mySecretRecipe.app/$(BUNDLE_EXECUTABLE_FOLDER_PATH)/mySecretRecipe";
			};
			name = Debug;
		};
		34DB71E62B1823F0007FEF03 /* Release */ = {
			isa = XCBuildConfiguration;
			buildSettings = {
				ALWAYS_EMBED_SWIFT_STANDARD_LIBRARIES = YES;
				BUNDLE_LOADER = "$(TEST_HOST)";
				CODE_SIGN_STYLE = Automatic;
				CURRENT_PROJECT_VERSION = 1;
				DEVELOPMENT_TEAM = F9BQ5F2Q76;
				GENERATE_INFOPLIST_FILE = YES;
				IPHONEOS_DEPLOYMENT_TARGET = 17.0;
				MARKETING_VERSION = 1.0;
				PRODUCT_BUNDLE_IDENTIFIER = inwoo.mySecretRecipeTests;
				PRODUCT_NAME = "$(TARGET_NAME)";
				SWIFT_EMIT_LOC_STRINGS = NO;
				SWIFT_VERSION = 5.0;
				TARGETED_DEVICE_FAMILY = "1,2";
				TEST_HOST = "$(BUILT_PRODUCTS_DIR)/mySecretRecipe.app/$(BUNDLE_EXECUTABLE_FOLDER_PATH)/mySecretRecipe";
			};
			name = Release;
		};
		34DB71E82B1823F0007FEF03 /* Debug */ = {
			isa = XCBuildConfiguration;
			buildSettings = {
				ALWAYS_EMBED_SWIFT_STANDARD_LIBRARIES = YES;
				CODE_SIGN_STYLE = Automatic;
				CURRENT_PROJECT_VERSION = 1;
				DEVELOPMENT_TEAM = F9BQ5F2Q76;
				GENERATE_INFOPLIST_FILE = YES;
				MARKETING_VERSION = 1.0;
				PRODUCT_BUNDLE_IDENTIFIER = inwoo.mySecretRecipeUITests;
				PRODUCT_NAME = "$(TARGET_NAME)";
				SWIFT_EMIT_LOC_STRINGS = NO;
				SWIFT_VERSION = 5.0;
				TARGETED_DEVICE_FAMILY = "1,2";
				TEST_TARGET_NAME = mySecretRecipe;
			};
			name = Debug;
		};
		34DB71E92B1823F0007FEF03 /* Release */ = {
			isa = XCBuildConfiguration;
			buildSettings = {
				ALWAYS_EMBED_SWIFT_STANDARD_LIBRARIES = YES;
				CODE_SIGN_STYLE = Automatic;
				CURRENT_PROJECT_VERSION = 1;
				DEVELOPMENT_TEAM = F9BQ5F2Q76;
				GENERATE_INFOPLIST_FILE = YES;
				MARKETING_VERSION = 1.0;
				PRODUCT_BUNDLE_IDENTIFIER = inwoo.mySecretRecipeUITests;
				PRODUCT_NAME = "$(TARGET_NAME)";
				SWIFT_EMIT_LOC_STRINGS = NO;
				SWIFT_VERSION = 5.0;
				TARGETED_DEVICE_FAMILY = "1,2";
				TEST_TARGET_NAME = mySecretRecipe;
			};
			name = Release;
		};
/* End XCBuildConfiguration section */

/* Begin XCConfigurationList section */
		34DB71B22B1823EF007FEF03 /* Build configuration list for PBXProject "mySecretRecipe" */ = {
			isa = XCConfigurationList;
			buildConfigurations = (
				34DB71DF2B1823F0007FEF03 /* Debug */,
				34DB71E02B1823F0007FEF03 /* Release */,
			);
			defaultConfigurationIsVisible = 0;
			defaultConfigurationName = Release;
		};
		34DB71E12B1823F0007FEF03 /* Build configuration list for PBXNativeTarget "mySecretRecipe" */ = {
			isa = XCConfigurationList;
			buildConfigurations = (
				34DB71E22B1823F0007FEF03 /* Debug */,
				34DB71E32B1823F0007FEF03 /* Release */,
			);
			defaultConfigurationIsVisible = 0;
			defaultConfigurationName = Release;
		};
		34DB71E42B1823F0007FEF03 /* Build configuration list for PBXNativeTarget "mySecretRecipeTests" */ = {
			isa = XCConfigurationList;
			buildConfigurations = (
				34DB71E52B1823F0007FEF03 /* Debug */,
				34DB71E62B1823F0007FEF03 /* Release */,
			);
			defaultConfigurationIsVisible = 0;
			defaultConfigurationName = Release;
		};
		34DB71E72B1823F0007FEF03 /* Build configuration list for PBXNativeTarget "mySecretRecipeUITests" */ = {
			isa = XCConfigurationList;
			buildConfigurations = (
				34DB71E82B1823F0007FEF03 /* Debug */,
				34DB71E92B1823F0007FEF03 /* Release */,
			);
			defaultConfigurationIsVisible = 0;
			defaultConfigurationName = Release;
		};
/* End XCConfigurationList section */
	};
	rootObject = 34DB71AF2B1823EF007FEF03 /* Project object */;
}
