// !$*UTF8*$!
{
	archiveVersion = 1;
	classes = {
	};
	objectVersion = 56;
	objects = {

/* Begin PBXBuildFile section */
		3451B5ED2B0E46B10069DF01 /* AppDelegate.swift in Sources */ = {isa = PBXBuildFile; fileRef = 3451B5EC2B0E46B10069DF01 /* AppDelegate.swift */; };
		3451B5EF2B0E46B10069DF01 /* SceneDelegate.swift in Sources */ = {isa = PBXBuildFile; fileRef = 3451B5EE2B0E46B10069DF01 /* SceneDelegate.swift */; };
		3451B5F12B0E46B10069DF01 /* ViewController.swift in Sources */ = {isa = PBXBuildFile; fileRef = 3451B5F02B0E46B10069DF01 /* ViewController.swift */; };
		3451B5F42B0E46B10069DF01 /* Main.storyboard in Resources */ = {isa = PBXBuildFile; fileRef = 3451B5F22B0E46B10069DF01 /* Main.storyboard */; };
		3451B5F62B0E46B10069DF01 /* Assets.xcassets in Resources */ = {isa = PBXBuildFile; fileRef = 3451B5F52B0E46B10069DF01 /* Assets.xcassets */; };
		3451B5F92B0E46B10069DF01 /* LaunchScreen.storyboard in Resources */ = {isa = PBXBuildFile; fileRef = 3451B5F72B0E46B10069DF01 /* LaunchScreen.storyboard */; };
		3451B6042B0E46B20069DF01 /* datePickerPracTests.swift in Sources */ = {isa = PBXBuildFile; fileRef = 3451B6032B0E46B20069DF01 /* datePickerPracTests.swift */; };
		3451B60E2B0E46B20069DF01 /* datePickerPracUITests.swift in Sources */ = {isa = PBXBuildFile; fileRef = 3451B60D2B0E46B20069DF01 /* datePickerPracUITests.swift */; };
		3451B6102B0E46B20069DF01 /* datePickerPracUITestsLaunchTests.swift in Sources */ = {isa = PBXBuildFile; fileRef = 3451B60F2B0E46B20069DF01 /* datePickerPracUITestsLaunchTests.swift */; };
/* End PBXBuildFile section */

/* Begin PBXContainerItemProxy section */
		3451B6002B0E46B20069DF01 /* PBXContainerItemProxy */ = {
			isa = PBXContainerItemProxy;
			containerPortal = 3451B5E12B0E46B10069DF01 /* Project object */;
			proxyType = 1;
			remoteGlobalIDString = 3451B5E82B0E46B10069DF01;
			remoteInfo = datePickerPrac;
		};
		3451B60A2B0E46B20069DF01 /* PBXContainerItemProxy */ = {
			isa = PBXContainerItemProxy;
			containerPortal = 3451B5E12B0E46B10069DF01 /* Project object */;
			proxyType = 1;
			remoteGlobalIDString = 3451B5E82B0E46B10069DF01;
			remoteInfo = datePickerPrac;
		};
/* End PBXContainerItemProxy section */

/* Begin PBXFileReference section */
		3451B5E92B0E46B10069DF01 /* datePickerPrac.app */ = {isa = PBXFileReference; explicitFileType = wrapper.application; includeInIndex = 0; path = datePickerPrac.app; sourceTree = BUILT_PRODUCTS_DIR; };
		3451B5EC2B0E46B10069DF01 /* AppDelegate.swift */ = {isa = PBXFileReference; lastKnownFileType = sourcecode.swift; path = AppDelegate.swift; sourceTree = "<group>"; };
		3451B5EE2B0E46B10069DF01 /* SceneDelegate.swift */ = {isa = PBXFileReference; lastKnownFileType = sourcecode.swift; path = SceneDelegate.swift; sourceTree = "<group>"; };
		3451B5F02B0E46B10069DF01 /* ViewController.swift */ = {isa = PBXFileReference; lastKnownFileType = sourcecode.swift; path = ViewController.swift; sourceTree = "<group>"; };
		3451B5F32B0E46B10069DF01 /* Base */ = {isa = PBXFileReference; lastKnownFileType = file.storyboard; name = Base; path = Base.lproj/Main.storyboard; sourceTree = "<group>"; };
		3451B5F52B0E46B10069DF01 /* Assets.xcassets */ = {isa = PBXFileReference; lastKnownFileType = folder.assetcatalog; path = Assets.xcassets; sourceTree = "<group>"; };
		3451B5F82B0E46B10069DF01 /* Base */ = {isa = PBXFileReference; lastKnownFileType = file.storyboard; name = Base; path = Base.lproj/LaunchScreen.storyboard; sourceTree = "<group>"; };
		3451B5FA2B0E46B10069DF01 /* Info.plist */ = {isa = PBXFileReference; lastKnownFileType = text.plist.xml; path = Info.plist; sourceTree = "<group>"; };
		3451B5FF2B0E46B20069DF01 /* datePickerPracTests.xctest */ = {isa = PBXFileReference; explicitFileType = wrapper.cfbundle; includeInIndex = 0; path = datePickerPracTests.xctest; sourceTree = BUILT_PRODUCTS_DIR; };
		3451B6032B0E46B20069DF01 /* datePickerPracTests.swift */ = {isa = PBXFileReference; lastKnownFileType = sourcecode.swift; path = datePickerPracTests.swift; sourceTree = "<group>"; };
		3451B6092B0E46B20069DF01 /* datePickerPracUITests.xctest */ = {isa = PBXFileReference; explicitFileType = wrapper.cfbundle; includeInIndex = 0; path = datePickerPracUITests.xctest; sourceTree = BUILT_PRODUCTS_DIR; };
		3451B60D2B0E46B20069DF01 /* datePickerPracUITests.swift */ = {isa = PBXFileReference; lastKnownFileType = sourcecode.swift; path = datePickerPracUITests.swift; sourceTree = "<group>"; };
		3451B60F2B0E46B20069DF01 /* datePickerPracUITestsLaunchTests.swift */ = {isa = PBXFileReference; lastKnownFileType = sourcecode.swift; path = datePickerPracUITestsLaunchTests.swift; sourceTree = "<group>"; };
/* End PBXFileReference section */

/* Begin PBXFrameworksBuildPhase section */
		3451B5E62B0E46B10069DF01 /* Frameworks */ = {
			isa = PBXFrameworksBuildPhase;
			buildActionMask = 2147483647;
			files = (
			);
			runOnlyForDeploymentPostprocessing = 0;
		};
		3451B5FC2B0E46B20069DF01 /* Frameworks */ = {
			isa = PBXFrameworksBuildPhase;
			buildActionMask = 2147483647;
			files = (
			);
			runOnlyForDeploymentPostprocessing = 0;
		};
		3451B6062B0E46B20069DF01 /* Frameworks */ = {
			isa = PBXFrameworksBuildPhase;
			buildActionMask = 2147483647;
			files = (
			);
			runOnlyForDeploymentPostprocessing = 0;
		};
/* End PBXFrameworksBuildPhase section */

/* Begin PBXGroup section */
		3451B5E02B0E46B10069DF01 = {
			isa = PBXGroup;
			children = (
				3451B5EB2B0E46B10069DF01 /* datePickerPrac */,
				3451B6022B0E46B20069DF01 /* datePickerPracTests */,
				3451B60C2B0E46B20069DF01 /* datePickerPracUITests */,
				3451B5EA2B0E46B10069DF01 /* Products */,
			);
			sourceTree = "<group>";
		};
		3451B5EA2B0E46B10069DF01 /* Products */ = {
			isa = PBXGroup;
			children = (
				3451B5E92B0E46B10069DF01 /* datePickerPrac.app */,
				3451B5FF2B0E46B20069DF01 /* datePickerPracTests.xctest */,
				3451B6092B0E46B20069DF01 /* datePickerPracUITests.xctest */,
			);
			name = Products;
			sourceTree = "<group>";
		};
		3451B5EB2B0E46B10069DF01 /* datePickerPrac */ = {
			isa = PBXGroup;
			children = (
				3451B5EC2B0E46B10069DF01 /* AppDelegate.swift */,
				3451B5EE2B0E46B10069DF01 /* SceneDelegate.swift */,
				3451B5F02B0E46B10069DF01 /* ViewController.swift */,
				3451B5F22B0E46B10069DF01 /* Main.storyboard */,
				3451B5F52B0E46B10069DF01 /* Assets.xcassets */,
				3451B5F72B0E46B10069DF01 /* LaunchScreen.storyboard */,
				3451B5FA2B0E46B10069DF01 /* Info.plist */,
			);
			path = datePickerPrac;
			sourceTree = "<group>";
		};
		3451B6022B0E46B20069DF01 /* datePickerPracTests */ = {
			isa = PBXGroup;
			children = (
				3451B6032B0E46B20069DF01 /* datePickerPracTests.swift */,
			);
			path = datePickerPracTests;
			sourceTree = "<group>";
		};
		3451B60C2B0E46B20069DF01 /* datePickerPracUITests */ = {
			isa = PBXGroup;
			children = (
				3451B60D2B0E46B20069DF01 /* datePickerPracUITests.swift */,
				3451B60F2B0E46B20069DF01 /* datePickerPracUITestsLaunchTests.swift */,
			);
			path = datePickerPracUITests;
			sourceTree = "<group>";
		};
/* End PBXGroup section */

/* Begin PBXNativeTarget section */
		3451B5E82B0E46B10069DF01 /* datePickerPrac */ = {
			isa = PBXNativeTarget;
			buildConfigurationList = 3451B6132B0E46B20069DF01 /* Build configuration list for PBXNativeTarget "datePickerPrac" */;
			buildPhases = (
				3451B5E52B0E46B10069DF01 /* Sources */,
				3451B5E62B0E46B10069DF01 /* Frameworks */,
				3451B5E72B0E46B10069DF01 /* Resources */,
			);
			buildRules = (
			);
			dependencies = (
			);
			name = datePickerPrac;
			productName = datePickerPrac;
			productReference = 3451B5E92B0E46B10069DF01 /* datePickerPrac.app */;
			productType = "com.apple.product-type.application";
		};
		3451B5FE2B0E46B20069DF01 /* datePickerPracTests */ = {
			isa = PBXNativeTarget;
			buildConfigurationList = 3451B6162B0E46B20069DF01 /* Build configuration list for PBXNativeTarget "datePickerPracTests" */;
			buildPhases = (
				3451B5FB2B0E46B20069DF01 /* Sources */,
				3451B5FC2B0E46B20069DF01 /* Frameworks */,
				3451B5FD2B0E46B20069DF01 /* Resources */,
			);
			buildRules = (
			);
			dependencies = (
				3451B6012B0E46B20069DF01 /* PBXTargetDependency */,
			);
			name = datePickerPracTests;
			productName = datePickerPracTests;
			productReference = 3451B5FF2B0E46B20069DF01 /* datePickerPracTests.xctest */;
			productType = "com.apple.product-type.bundle.unit-test";
		};
		3451B6082B0E46B20069DF01 /* datePickerPracUITests */ = {
			isa = PBXNativeTarget;
			buildConfigurationList = 3451B6192B0E46B20069DF01 /* Build configuration list for PBXNativeTarget "datePickerPracUITests" */;
			buildPhases = (
				3451B6052B0E46B20069DF01 /* Sources */,
				3451B6062B0E46B20069DF01 /* Frameworks */,
				3451B6072B0E46B20069DF01 /* Resources */,
			);
			buildRules = (
			);
			dependencies = (
				3451B60B2B0E46B20069DF01 /* PBXTargetDependency */,
			);
			name = datePickerPracUITests;
			productName = datePickerPracUITests;
			productReference = 3451B6092B0E46B20069DF01 /* datePickerPracUITests.xctest */;
			productType = "com.apple.product-type.bundle.ui-testing";
		};
/* End PBXNativeTarget section */

/* Begin PBXProject section */
		3451B5E12B0E46B10069DF01 /* Project object */ = {
			isa = PBXProject;
			attributes = {
				BuildIndependentTargetsInParallel = 1;
				LastSwiftUpdateCheck = 1500;
				LastUpgradeCheck = 1500;
				TargetAttributes = {
					3451B5E82B0E46B10069DF01 = {
						CreatedOnToolsVersion = 15.0.1;
					};
					3451B5FE2B0E46B20069DF01 = {
						CreatedOnToolsVersion = 15.0.1;
						TestTargetID = 3451B5E82B0E46B10069DF01;
					};
					3451B6082B0E46B20069DF01 = {
						CreatedOnToolsVersion = 15.0.1;
						TestTargetID = 3451B5E82B0E46B10069DF01;
					};
				};
			};
			buildConfigurationList = 3451B5E42B0E46B10069DF01 /* Build configuration list for PBXProject "datePickerPrac" */;
			compatibilityVersion = "Xcode 14.0";
			developmentRegion = en;
			hasScannedForEncodings = 0;
			knownRegions = (
				en,
				Base,
			);
			mainGroup = 3451B5E02B0E46B10069DF01;
			productRefGroup = 3451B5EA2B0E46B10069DF01 /* Products */;
			projectDirPath = "";
			projectRoot = "";
			targets = (
				3451B5E82B0E46B10069DF01 /* datePickerPrac */,
				3451B5FE2B0E46B20069DF01 /* datePickerPracTests */,
				3451B6082B0E46B20069DF01 /* datePickerPracUITests */,
			);
		};
/* End PBXProject section */

/* Begin PBXResourcesBuildPhase section */
		3451B5E72B0E46B10069DF01 /* Resources */ = {
			isa = PBXResourcesBuildPhase;
			buildActionMask = 2147483647;
			files = (
				3451B5F92B0E46B10069DF01 /* LaunchScreen.storyboard in Resources */,
				3451B5F62B0E46B10069DF01 /* Assets.xcassets in Resources */,
				3451B5F42B0E46B10069DF01 /* Main.storyboard in Resources */,
			);
			runOnlyForDeploymentPostprocessing = 0;
		};
		3451B5FD2B0E46B20069DF01 /* Resources */ = {
			isa = PBXResourcesBuildPhase;
			buildActionMask = 2147483647;
			files = (
			);
			runOnlyForDeploymentPostprocessing = 0;
		};
		3451B6072B0E46B20069DF01 /* Resources */ = {
			isa = PBXResourcesBuildPhase;
			buildActionMask = 2147483647;
			files = (
			);
			runOnlyForDeploymentPostprocessing = 0;
		};
/* End PBXResourcesBuildPhase section */

/* Begin PBXSourcesBuildPhase section */
		3451B5E52B0E46B10069DF01 /* Sources */ = {
			isa = PBXSourcesBuildPhase;
			buildActionMask = 2147483647;
			files = (
				3451B5F12B0E46B10069DF01 /* ViewController.swift in Sources */,
				3451B5ED2B0E46B10069DF01 /* AppDelegate.swift in Sources */,
				3451B5EF2B0E46B10069DF01 /* SceneDelegate.swift in Sources */,
			);
			runOnlyForDeploymentPostprocessing = 0;
		};
		3451B5FB2B0E46B20069DF01 /* Sources */ = {
			isa = PBXSourcesBuildPhase;
			buildActionMask = 2147483647;
			files = (
				3451B6042B0E46B20069DF01 /* datePickerPracTests.swift in Sources */,
			);
			runOnlyForDeploymentPostprocessing = 0;
		};
		3451B6052B0E46B20069DF01 /* Sources */ = {
			isa = PBXSourcesBuildPhase;
			buildActionMask = 2147483647;
			files = (
				3451B6102B0E46B20069DF01 /* datePickerPracUITestsLaunchTests.swift in Sources */,
				3451B60E2B0E46B20069DF01 /* datePickerPracUITests.swift in Sources */,
			);
			runOnlyForDeploymentPostprocessing = 0;
		};
/* End PBXSourcesBuildPhase section */

/* Begin PBXTargetDependency section */
		3451B6012B0E46B20069DF01 /* PBXTargetDependency */ = {
			isa = PBXTargetDependency;
			target = 3451B5E82B0E46B10069DF01 /* datePickerPrac */;
			targetProxy = 3451B6002B0E46B20069DF01 /* PBXContainerItemProxy */;
		};
		3451B60B2B0E46B20069DF01 /* PBXTargetDependency */ = {
			isa = PBXTargetDependency;
			target = 3451B5E82B0E46B10069DF01 /* datePickerPrac */;
			targetProxy = 3451B60A2B0E46B20069DF01 /* PBXContainerItemProxy */;
		};
/* End PBXTargetDependency section */

/* Begin PBXVariantGroup section */
		3451B5F22B0E46B10069DF01 /* Main.storyboard */ = {
			isa = PBXVariantGroup;
			children = (
				3451B5F32B0E46B10069DF01 /* Base */,
			);
			name = Main.storyboard;
			sourceTree = "<group>";
		};
		3451B5F72B0E46B10069DF01 /* LaunchScreen.storyboard */ = {
			isa = PBXVariantGroup;
			children = (
				3451B5F82B0E46B10069DF01 /* Base */,
			);
			name = LaunchScreen.storyboard;
			sourceTree = "<group>";
		};
/* End PBXVariantGroup section */

/* Begin XCBuildConfiguration section */
		3451B6112B0E46B20069DF01 /* Debug */ = {
			isa = XCBuildConfiguration;
			buildSettings = {
				ALWAYS_SEARCH_USER_PATHS = NO;
				ASSETCATALOG_COMPILER_GENERATE_SWIFT_ASSET_SYMBOL_EXTENSIONS = YES;
				CLANG_ANALYZER_NONNULL = YES;
				CLANG_ANALYZER_NUMBER_OBJECT_CONVERSION = YES_AGGRESSIVE;
				CLANG_CXX_LANGUAGE_STANDARD = "gnu++20";
				CLANG_ENABLE_MODULES = YES;
				CLANG_ENABLE_OBJC_ARC = YES;
				CLANG_ENABLE_OBJC_WEAK = YES;
				CLANG_WARN_BLOCK_CAPTURE_AUTORELEASING = YES;
				CLANG_WARN_BOOL_CONVERSION = YES;
				CLANG_WARN_COMMA = YES;
				CLANG_WARN_CONSTANT_CONVERSION = YES;
				CLANG_WARN_DEPRECATED_OBJC_IMPLEMENTATIONS = YES;
				CLANG_WARN_DIRECT_OBJC_ISA_USAGE = YES_ERROR;
				CLANG_WARN_DOCUMENTATION_COMMENTS = YES;
				CLANG_WARN_EMPTY_BODY = YES;
				CLANG_WARN_ENUM_CONVERSION = YES;
				CLANG_WARN_INFINITE_RECURSION = YES;
				CLANG_WARN_INT_CONVERSION = YES;
				CLANG_WARN_NON_LITERAL_NULL_CONVERSION = YES;
				CLANG_WARN_OBJC_IMPLICIT_RETAIN_SELF = YES;
				CLANG_WARN_OBJC_LITERAL_CONVERSION = YES;
				CLANG_WARN_OBJC_ROOT_CLASS = YES_ERROR;
				CLANG_WARN_QUOTED_INCLUDE_IN_FRAMEWORK_HEADER = YES;
				CLANG_WARN_RANGE_LOOP_ANALYSIS = YES;
				CLANG_WARN_STRICT_PROTOTYPES = YES;
				CLANG_WARN_SUSPICIOUS_MOVE = YES;
				CLANG_WARN_UNGUARDED_AVAILABILITY = YES_AGGRESSIVE;
				CLANG_WARN_UNREACHABLE_CODE = YES;
				CLANG_WARN__DUPLICATE_METHOD_MATCH = YES;
				COPY_PHASE_STRIP = NO;
				DEBUG_INFORMATION_FORMAT = dwarf;
				ENABLE_STRICT_OBJC_MSGSEND = YES;
				ENABLE_TESTABILITY = YES;
				ENABLE_USER_SCRIPT_SANDBOXING = YES;
				GCC_C_LANGUAGE_STANDARD = gnu17;
				GCC_DYNAMIC_NO_PIC = NO;
				GCC_NO_COMMON_BLOCKS = YES;
				GCC_OPTIMIZATION_LEVEL = 0;
				GCC_PREPROCESSOR_DEFINITIONS = (
					"DEBUG=1",
					"$(inherited)",
				);
				GCC_WARN_64_TO_32_BIT_CONVERSION = YES;
				GCC_WARN_ABOUT_RETURN_TYPE = YES_ERROR;
				GCC_WARN_UNDECLARED_SELECTOR = YES;
				GCC_WARN_UNINITIALIZED_AUTOS = YES_AGGRESSIVE;
				GCC_WARN_UNUSED_FUNCTION = YES;
				GCC_WARN_UNUSED_VARIABLE = YES;
				IPHONEOS_DEPLOYMENT_TARGET = 17.0;
				LOCALIZATION_PREFERS_STRING_CATALOGS = YES;
				MTL_ENABLE_DEBUG_INFO = INCLUDE_SOURCE;
				MTL_FAST_MATH = YES;
				ONLY_ACTIVE_ARCH = YES;
				SDKROOT = iphoneos;
				SWIFT_ACTIVE_COMPILATION_CONDITIONS = "DEBUG $(inherited)";
				SWIFT_OPTIMIZATION_LEVEL = "-Onone";
			};
			name = Debug;
		};
		3451B6122B0E46B20069DF01 /* Release */ = {
			isa = XCBuildConfiguration;
			buildSettings = {
				ALWAYS_SEARCH_USER_PATHS = NO;
				ASSETCATALOG_COMPILER_GENERATE_SWIFT_ASSET_SYMBOL_EXTENSIONS = YES;
				CLANG_ANALYZER_NONNULL = YES;
				CLANG_ANALYZER_NUMBER_OBJECT_CONVERSION = YES_AGGRESSIVE;
				CLANG_CXX_LANGUAGE_STANDARD = "gnu++20";
				CLANG_ENABLE_MODULES = YES;
				CLANG_ENABLE_OBJC_ARC = YES;
				CLANG_ENABLE_OBJC_WEAK = YES;
				CLANG_WARN_BLOCK_CAPTURE_AUTORELEASING = YES;
				CLANG_WARN_BOOL_CONVERSION = YES;
				CLANG_WARN_COMMA = YES;
				CLANG_WARN_CONSTANT_CONVERSION = YES;
				CLANG_WARN_DEPRECATED_OBJC_IMPLEMENTATIONS = YES;
				CLANG_WARN_DIRECT_OBJC_ISA_USAGE = YES_ERROR;
				CLANG_WARN_DOCUMENTATION_COMMENTS = YES;
				CLANG_WARN_EMPTY_BODY = YES;
				CLANG_WARN_ENUM_CONVERSION = YES;
				CLANG_WARN_INFINITE_RECURSION = YES;
				CLANG_WARN_INT_CONVERSION = YES;
				CLANG_WARN_NON_LITERAL_NULL_CONVERSION = YES;
				CLANG_WARN_OBJC_IMPLICIT_RETAIN_SELF = YES;
				CLANG_WARN_OBJC_LITERAL_CONVERSION = YES;
				CLANG_WARN_OBJC_ROOT_CLASS = YES_ERROR;
				CLANG_WARN_QUOTED_INCLUDE_IN_FRAMEWORK_HEADER = YES;
				CLANG_WARN_RANGE_LOOP_ANALYSIS = YES;
				CLANG_WARN_STRICT_PROTOTYPES = YES;
				CLANG_WARN_SUSPICIOUS_MOVE = YES;
				CLANG_WARN_UNGUARDED_AVAILABILITY = YES_AGGRESSIVE;
				CLANG_WARN_UNREACHABLE_CODE = YES;
				CLANG_WARN__DUPLICATE_METHOD_MATCH = YES;
				COPY_PHASE_STRIP = NO;
				DEBUG_INFORMATION_FORMAT = "dwarf-with-dsym";
				ENABLE_NS_ASSERTIONS = NO;
				ENABLE_STRICT_OBJC_MSGSEND = YES;
				ENABLE_USER_SCRIPT_SANDBOXING = YES;
				GCC_C_LANGUAGE_STANDARD = gnu17;
				GCC_NO_COMMON_BLOCKS = YES;
				GCC_WARN_64_TO_32_BIT_CONVERSION = YES;
				GCC_WARN_ABOUT_RETURN_TYPE = YES_ERROR;
				GCC_WARN_UNDECLARED_SELECTOR = YES;
				GCC_WARN_UNINITIALIZED_AUTOS = YES_AGGRESSIVE;
				GCC_WARN_UNUSED_FUNCTION = YES;
				GCC_WARN_UNUSED_VARIABLE = YES;
				IPHONEOS_DEPLOYMENT_TARGET = 17.0;
				LOCALIZATION_PREFERS_STRING_CATALOGS = YES;
				MTL_ENABLE_DEBUG_INFO = NO;
				MTL_FAST_MATH = YES;
				SDKROOT = iphoneos;
				SWIFT_COMPILATION_MODE = wholemodule;
				VALIDATE_PRODUCT = YES;
			};
			name = Release;
		};
		3451B6142B0E46B20069DF01 /* Debug */ = {
			isa = XCBuildConfiguration;
			buildSettings = {
				ASSETCATALOG_COMPILER_APPICON_NAME = AppIcon;
				ASSETCATALOG_COMPILER_GLOBAL_ACCENT_COLOR_NAME = AccentColor;
				CODE_SIGN_STYLE = Automatic;
				CURRENT_PROJECT_VERSION = 1;
				DEVELOPMENT_TEAM = F9BQ5F2Q76;
				GENERATE_INFOPLIST_FILE = YES;
				INFOPLIST_FILE = datePickerPrac/Info.plist;
				INFOPLIST_KEY_UIApplicationSupportsIndirectInputEvents = YES;
				INFOPLIST_KEY_UILaunchStoryboardName = LaunchScreen;
				INFOPLIST_KEY_UIMainStoryboardFile = Main;
				INFOPLIST_KEY_UISupportedInterfaceOrientations_iPad = "UIInterfaceOrientationPortrait UIInterfaceOrientationPortraitUpsideDown UIInterfaceOrientationLandscapeLeft UIInterfaceOrientationLandscapeRight";
				INFOPLIST_KEY_UISupportedInterfaceOrientations_iPhone = "UIInterfaceOrientationPortrait UIInterfaceOrientationLandscapeLeft UIInterfaceOrientationLandscapeRight";
				LD_RUNPATH_SEARCH_PATHS = (
					"$(inherited)",
					"@executable_path/Frameworks",
				);
				MARKETING_VERSION = 1.0;
				PRODUCT_BUNDLE_IDENTIFIER = inwoo.datePickerPrac;
				PRODUCT_NAME = "$(TARGET_NAME)";
				SWIFT_EMIT_LOC_STRINGS = YES;
				SWIFT_VERSION = 5.0;
				TARGETED_DEVICE_FAMILY = "1,2";
			};
			name = Debug;
		};
		3451B6152B0E46B20069DF01 /* Release */ = {
			isa = XCBuildConfiguration;
			buildSettings = {
				ASSETCATALOG_COMPILER_APPICON_NAME = AppIcon;
				ASSETCATALOG_COMPILER_GLOBAL_ACCENT_COLOR_NAME = AccentColor;
				CODE_SIGN_STYLE = Automatic;
				CURRENT_PROJECT_VERSION = 1;
				DEVELOPMENT_TEAM = F9BQ5F2Q76;
				GENERATE_INFOPLIST_FILE = YES;
				INFOPLIST_FILE = datePickerPrac/Info.plist;
				INFOPLIST_KEY_UIApplicationSupportsIndirectInputEvents = YES;
				INFOPLIST_KEY_UILaunchStoryboardName = LaunchScreen;
				INFOPLIST_KEY_UIMainStoryboardFile = Main;
				INFOPLIST_KEY_UISupportedInterfaceOrientations_iPad = "UIInterfaceOrientationPortrait UIInterfaceOrientationPortraitUpsideDown UIInterfaceOrientationLandscapeLeft UIInterfaceOrientationLandscapeRight";
				INFOPLIST_KEY_UISupportedInterfaceOrientations_iPhone = "UIInterfaceOrientationPortrait UIInterfaceOrientationLandscapeLeft UIInterfaceOrientationLandscapeRight";
				LD_RUNPATH_SEARCH_PATHS = (
					"$(inherited)",
					"@executable_path/Frameworks",
				);
				MARKETING_VERSION = 1.0;
				PRODUCT_BUNDLE_IDENTIFIER = inwoo.datePickerPrac;
				PRODUCT_NAME = "$(TARGET_NAME)";
				SWIFT_EMIT_LOC_STRINGS = YES;
				SWIFT_VERSION = 5.0;
				TARGETED_DEVICE_FAMILY = "1,2";
			};
			name = Release;
		};
		3451B6172B0E46B20069DF01 /* Debug */ = {
			isa = XCBuildConfiguration;
			buildSettings = {
				ALWAYS_EMBED_SWIFT_STANDARD_LIBRARIES = YES;
				BUNDLE_LOADER = "$(TEST_HOST)";
				CODE_SIGN_STYLE = Automatic;
				CURRENT_PROJECT_VERSION = 1;
				DEVELOPMENT_TEAM = F9BQ5F2Q76;
				GENERATE_INFOPLIST_FILE = YES;
				IPHONEOS_DEPLOYMENT_TARGET = 17.0;
				MARKETING_VERSION = 1.0;
				PRODUCT_BUNDLE_IDENTIFIER = inwoo.datePickerPracTests;
				PRODUCT_NAME = "$(TARGET_NAME)";
				SWIFT_EMIT_LOC_STRINGS = NO;
				SWIFT_VERSION = 5.0;
				TARGETED_DEVICE_FAMILY = "1,2";
				TEST_HOST = "$(BUILT_PRODUCTS_DIR)/datePickerPrac.app/$(BUNDLE_EXECUTABLE_FOLDER_PATH)/datePickerPrac";
			};
			name = Debug;
		};
		3451B6182B0E46B20069DF01 /* Release */ = {
			isa = XCBuildConfiguration;
			buildSettings = {
				ALWAYS_EMBED_SWIFT_STANDARD_LIBRARIES = YES;
				BUNDLE_LOADER = "$(TEST_HOST)";
				CODE_SIGN_STYLE = Automatic;
				CURRENT_PROJECT_VERSION = 1;
				DEVELOPMENT_TEAM = F9BQ5F2Q76;
				GENERATE_INFOPLIST_FILE = YES;
				IPHONEOS_DEPLOYMENT_TARGET = 17.0;
				MARKETING_VERSION = 1.0;
				PRODUCT_BUNDLE_IDENTIFIER = inwoo.datePickerPracTests;
				PRODUCT_NAME = "$(TARGET_NAME)";
				SWIFT_EMIT_LOC_STRINGS = NO;
				SWIFT_VERSION = 5.0;
				TARGETED_DEVICE_FAMILY = "1,2";
				TEST_HOST = "$(BUILT_PRODUCTS_DIR)/datePickerPrac.app/$(BUNDLE_EXECUTABLE_FOLDER_PATH)/datePickerPrac";
			};
			name = Release;
		};
		3451B61A2B0E46B20069DF01 /* Debug */ = {
			isa = XCBuildConfiguration;
			buildSettings = {
				ALWAYS_EMBED_SWIFT_STANDARD_LIBRARIES = YES;
				CODE_SIGN_STYLE = Automatic;
				CURRENT_PROJECT_VERSION = 1;
				DEVELOPMENT_TEAM = F9BQ5F2Q76;
				GENERATE_INFOPLIST_FILE = YES;
				MARKETING_VERSION = 1.0;
				PRODUCT_BUNDLE_IDENTIFIER = inwoo.datePickerPracUITests;
				PRODUCT_NAME = "$(TARGET_NAME)";
				SWIFT_EMIT_LOC_STRINGS = NO;
				SWIFT_VERSION = 5.0;
				TARGETED_DEVICE_FAMILY = "1,2";
				TEST_TARGET_NAME = datePickerPrac;
			};
			name = Debug;
		};
		3451B61B2B0E46B20069DF01 /* Release */ = {
			isa = XCBuildConfiguration;
			buildSettings = {
				ALWAYS_EMBED_SWIFT_STANDARD_LIBRARIES = YES;
				CODE_SIGN_STYLE = Automatic;
				CURRENT_PROJECT_VERSION = 1;
				DEVELOPMENT_TEAM = F9BQ5F2Q76;
				GENERATE_INFOPLIST_FILE = YES;
				MARKETING_VERSION = 1.0;
				PRODUCT_BUNDLE_IDENTIFIER = inwoo.datePickerPracUITests;
				PRODUCT_NAME = "$(TARGET_NAME)";
				SWIFT_EMIT_LOC_STRINGS = NO;
				SWIFT_VERSION = 5.0;
				TARGETED_DEVICE_FAMILY = "1,2";
				TEST_TARGET_NAME = datePickerPrac;
			};
			name = Release;
		};
/* End XCBuildConfiguration section */

/* Begin XCConfigurationList section */
		3451B5E42B0E46B10069DF01 /* Build configuration list for PBXProject "datePickerPrac" */ = {
			isa = XCConfigurationList;
			buildConfigurations = (
				3451B6112B0E46B20069DF01 /* Debug */,
				3451B6122B0E46B20069DF01 /* Release */,
			);
			defaultConfigurationIsVisible = 0;
			defaultConfigurationName = Release;
		};
		3451B6132B0E46B20069DF01 /* Build configuration list for PBXNativeTarget "datePickerPrac" */ = {
			isa = XCConfigurationList;
			buildConfigurations = (
				3451B6142B0E46B20069DF01 /* Debug */,
				3451B6152B0E46B20069DF01 /* Release */,
			);
			defaultConfigurationIsVisible = 0;
			defaultConfigurationName = Release;
		};
		3451B6162B0E46B20069DF01 /* Build configuration list for PBXNativeTarget "datePickerPracTests" */ = {
			isa = XCConfigurationList;
			buildConfigurations = (
				3451B6172B0E46B20069DF01 /* Debug */,
				3451B6182B0E46B20069DF01 /* Release */,
			);
			defaultConfigurationIsVisible = 0;
			defaultConfigurationName = Release;
		};
		3451B6192B0E46B20069DF01 /* Build configuration list for PBXNativeTarget "datePickerPracUITests" */ = {
			isa = XCConfigurationList;
			buildConfigurations = (
				3451B61A2B0E46B20069DF01 /* Debug */,
				3451B61B2B0E46B20069DF01 /* Release */,
			);
			defaultConfigurationIsVisible = 0;
			defaultConfigurationName = Release;
		};
/* End XCConfigurationList section */
	};
	rootObject = 3451B5E12B0E46B10069DF01 /* Project object */;
}
